set_global_assignment -name STRATIXV_CONFIGURATION_SCHEME "ACTIVE SERIAL X4"
# -------------------------------------------------------------------------- #
#
# Copyright (C) 1991-2015 Altera Corporation. All rights reserved.
# Your use of Altera Corporation's design tools, logic functions 
# and other software and tools, and its AMPP partner logic 
# functions, and any output files from any of the foregoing 
# (including device programming or simulation files), and any 
# associated documentation or information are expressly subject 
# to the terms and conditions of the Altera Program License 
# Subscription Agreement, the Altera Quartus II License Agreement,
# the Altera MegaCore Function License Agreement, or other 
# applicable license agreement, including, without limitation, 
# that your use is for the sole purpose of programming logic 
# devices manufactured by Altera and sold by Altera or its 
# authorized distributors.  Please refer to the applicable 
# agreement for further details.
#
# -------------------------------------------------------------------------- #
#
# Quartus II 64-Bit
# Version 14.1.1 Build 190 01/19/2015 SJ Web Edition
# Date created = 09:38:32  April 22, 2015
#
# -------------------------------------------------------------------------- #
#
# Notes:
#
# 1) The default values for assignments are stored in the file:
#		img_cap_top_assignment_defaults.qdf
#    If this file doesn't exist, see file:
#		assignment_defaults.qdf
#
# 2) Altera recommends that you do not modify this file. This
#    file is updated automatically by the Quartus II software
#    and any changes you make may be lost or overwritten.
#
# -------------------------------------------------------------------------- #


set_global_assignment -name FAMILY "Cyclone V"
set_global_assignment -name DEVICE 5CGXFC5C6F27C7
set_global_assignment -name TOP_LEVEL_ENTITY mem_test
set_global_assignment -name ORIGINAL_QUARTUS_VERSION 14.1.1
set_global_assignment -name PROJECT_CREATION_TIME_DATE "09:38:32  APRIL 22, 2015"
set_global_assignment -name LAST_QUARTUS_VERSION 15.0.0
set_global_assignment -name PROJECT_OUTPUT_DIRECTORY output_files
set_global_assignment -name MIN_CORE_JUNCTION_TEMP 0
set_global_assignment -name MAX_CORE_JUNCTION_TEMP 85
set_global_assignment -name ERROR_CHECK_FREQUENCY_DIVISOR 256
set_global_assignment -name EDA_SIMULATION_TOOL "<None>"
set_global_assignment -name EDA_OUTPUT_DATA_FORMAT NONE -section_id eda_simulation

#===========================================================
# Source File Inclusions
#===========================================================

set_global_assignment -name VERILOG_FILE ../mem_test.v
set_global_assignment -name VERILOG_FILE ../img_cap_ctrl.v
set_global_assignment -name VERILOG_FILE ../sys_init.v

set_global_assignment -name VERILOG_FILE ../clocks/clocks.v
set_global_assignment -name VERILOG_FILE ../debounce/debounce.v

# Submodules
set_global_assignment -name VERILOG_FILE ../frame_buf_alt/frame_buf_alt.v
set_global_assignment -name VERILOG_FILE ../ram_int_4p/ram_int_4p.v

set_global_assignment -name VERILOG_FILE ../i2c/i2c_master.v

set_global_assignment -name VERILOG_FILE ../adv7513/adv7513_init.v

set_global_assignment -name VERILOG_FILE ../videogen/format_vg.v
set_global_assignment -name VERILOG_FILE ../videogen/sync_vg.v

set_global_assignment -name VERILOG_FILE ../ov_7670/ov_7670_capture.v
set_global_assignment -name VERILOG_FILE ../ov_7670/ov_7670_init.v
set_global_assignment -name VERILOG_FILE ../ov_7670/ov_sccb/ov_sccb.v



#============================================================
# CLOCK
#============================================================
#set_instance_assignment -name IO_STANDARD LVDS -to CLOCK_125_p
#set_instance_assignment -name IO_STANDARD "2.5 V" -to CLOCK_50_B7A
#set_instance_assignment -name IO_STANDARD "2.5 V" -to CLOCK_50_B8A

#============================================================
# DDR2LP
#============================================================
set_instance_assignment -name IO_STANDARD "1.2-V HSUL" -to mem_cke[1]
set_instance_assignment -name IO_STANDARD "1.2-V HSUL" -to mem_cs_n[1]
set_instance_assignment -name IO_STANDARD "1.2 V" -to oct_rzqin

#============================================================
# Duplicate Nodes
#============================================================
#set_instance_assignment -name DUPLICATE_ATOM 2 -from mem_int|lpddr2x32_4p_inst|lpddr2x32_4p_inst|p0|umemphy|hphy_inst~FF_39 -to mem_int|local_cal_success_fl


#set_location_assignment PIN_U12 -to CLOCK_125_p
#set_location_assignment PIN_H12 -to CLOCK_50_B7A
#set_location_assignment PIN_M10 -to CLOCK_50_B8A

set_location_assignment PIN_AE6 -to mem_ca[0]
set_location_assignment PIN_AF6 -to mem_ca[1]
set_location_assignment PIN_AF7 -to mem_ca[2]
set_location_assignment PIN_AF8 -to mem_ca[3]
set_location_assignment PIN_U10 -to mem_ca[4]
set_location_assignment PIN_U11 -to mem_ca[5]
set_location_assignment PIN_AE9 -to mem_ca[6]
set_location_assignment PIN_AF9 -to mem_ca[7]
set_location_assignment PIN_AB12 -to mem_ca[8]
set_location_assignment PIN_AB11 -to mem_ca[9]
set_location_assignment PIN_AF14 -to mem_cke[0]
set_location_assignment PIN_AE13 -to mem_cke[1]
set_location_assignment PIN_P10 -to mem_ck_n
set_location_assignment PIN_N10 -to mem_ck
set_location_assignment PIN_R11 -to mem_cs_n[0]
set_location_assignment PIN_T11 -to mem_cs_n[1]
set_location_assignment PIN_AF11 -to mem_dm[0]
set_location_assignment PIN_AE18 -to mem_dm[1]
set_location_assignment PIN_AE20 -to mem_dm[2]
set_location_assignment PIN_AE24 -to mem_dm[3]
set_location_assignment PIN_AA14 -to mem_dq[0]
set_location_assignment PIN_Y14 -to mem_dq[1]
set_location_assignment PIN_AD11 -to mem_dq[2]
set_location_assignment PIN_AD12 -to mem_dq[3]
set_location_assignment PIN_Y13 -to mem_dq[4]
set_location_assignment PIN_W12 -to mem_dq[5]
set_location_assignment PIN_AD10 -to mem_dq[6]
set_location_assignment PIN_AF12 -to mem_dq[7]
set_location_assignment PIN_AC15 -to mem_dq[8]
set_location_assignment PIN_AB15 -to mem_dq[9]
set_location_assignment PIN_AC14 -to mem_dq[10]
set_location_assignment PIN_AF13 -to mem_dq[11]
set_location_assignment PIN_AB16 -to mem_dq[12]
set_location_assignment PIN_AA16 -to mem_dq[13]
set_location_assignment PIN_AE14 -to mem_dq[14]
set_location_assignment PIN_AF18 -to mem_dq[15]
set_location_assignment PIN_AD16 -to mem_dq[16]
set_location_assignment PIN_AD17 -to mem_dq[17]
set_location_assignment PIN_AC18 -to mem_dq[18]
set_location_assignment PIN_AF19 -to mem_dq[19]
set_location_assignment PIN_AC17 -to mem_dq[20]
set_location_assignment PIN_AB17 -to mem_dq[21]
set_location_assignment PIN_AF21 -to mem_dq[22]
set_location_assignment PIN_AE21 -to mem_dq[23]
set_location_assignment PIN_AE15 -to mem_dq[24]
set_location_assignment PIN_AE16 -to mem_dq[25]
set_location_assignment PIN_AC20 -to mem_dq[26]
set_location_assignment PIN_AD21 -to mem_dq[27]
set_location_assignment PIN_AF16 -to mem_dq[28]
set_location_assignment PIN_AF17 -to mem_dq[29]
set_location_assignment PIN_AD23 -to mem_dq[30]
set_location_assignment PIN_AF23 -to mem_dq[31]
set_location_assignment PIN_W13 -to mem_dqs_n[0]
set_location_assignment PIN_V14 -to mem_dqs_n[1]
set_location_assignment PIN_W15 -to mem_dqs_n[2]
set_location_assignment PIN_W17 -to mem_dqs_n[3]
set_location_assignment PIN_V13 -to mem_dqs[0]
set_location_assignment PIN_U14 -to mem_dqs[1]
set_location_assignment PIN_V15 -to mem_dqs[2]
set_location_assignment PIN_W16 -to mem_dqs[3]
set_location_assignment PIN_AE11 -to oct_rzqin


set_global_assignment -name PARTITION_NETLIST_TYPE SOURCE -section_id Top
set_global_assignment -name PARTITION_FITTER_PRESERVATION_LEVEL PLACEMENT_AND_ROUTING -section_id Top
set_global_assignment -name PARTITION_COLOR 16764057 -section_id Top
set_global_assignment -name POWER_PRESET_COOLING_SOLUTION "23 MM HEAT SINK WITH 200 LFPM AIRFLOW"
set_global_assignment -name POWER_BOARD_THERMAL_MODEL "NONE (CONSERVATIVE)"
set_instance_assignment -name IO_STANDARD "1.2-V HSUL" -to mem_dq[0] -tag __LPDDR2x32_4p_p0
set_instance_assignment -name OUTPUT_TERMINATION "SERIES 34 OHM WITH CALIBRATION" -to mem_dq[0] -tag __LPDDR2x32_4p_p0
set_instance_assignment -name IO_STANDARD "1.2-V HSUL" -to mem_dq[1] -tag __LPDDR2x32_4p_p0
set_instance_assignment -name OUTPUT_TERMINATION "SERIES 34 OHM WITH CALIBRATION" -to mem_dq[1] -tag __LPDDR2x32_4p_p0
set_instance_assignment -name IO_STANDARD "1.2-V HSUL" -to mem_dq[2] -tag __LPDDR2x32_4p_p0
set_instance_assignment -name OUTPUT_TERMINATION "SERIES 34 OHM WITH CALIBRATION" -to mem_dq[2] -tag __LPDDR2x32_4p_p0
set_instance_assignment -name IO_STANDARD "1.2-V HSUL" -to mem_dq[3] -tag __LPDDR2x32_4p_p0
set_instance_assignment -name OUTPUT_TERMINATION "SERIES 34 OHM WITH CALIBRATION" -to mem_dq[3] -tag __LPDDR2x32_4p_p0
set_instance_assignment -name IO_STANDARD "1.2-V HSUL" -to mem_dq[4] -tag __LPDDR2x32_4p_p0
set_instance_assignment -name OUTPUT_TERMINATION "SERIES 34 OHM WITH CALIBRATION" -to mem_dq[4] -tag __LPDDR2x32_4p_p0
set_instance_assignment -name IO_STANDARD "1.2-V HSUL" -to mem_dq[5] -tag __LPDDR2x32_4p_p0
set_instance_assignment -name OUTPUT_TERMINATION "SERIES 34 OHM WITH CALIBRATION" -to mem_dq[5] -tag __LPDDR2x32_4p_p0
set_instance_assignment -name IO_STANDARD "1.2-V HSUL" -to mem_dq[6] -tag __LPDDR2x32_4p_p0
set_instance_assignment -name OUTPUT_TERMINATION "SERIES 34 OHM WITH CALIBRATION" -to mem_dq[6] -tag __LPDDR2x32_4p_p0
set_instance_assignment -name IO_STANDARD "1.2-V HSUL" -to mem_dq[7] -tag __LPDDR2x32_4p_p0
set_instance_assignment -name OUTPUT_TERMINATION "SERIES 34 OHM WITH CALIBRATION" -to mem_dq[7] -tag __LPDDR2x32_4p_p0
set_instance_assignment -name IO_STANDARD "1.2-V HSUL" -to mem_dq[8] -tag __LPDDR2x32_4p_p0
set_instance_assignment -name OUTPUT_TERMINATION "SERIES 34 OHM WITH CALIBRATION" -to mem_dq[8] -tag __LPDDR2x32_4p_p0
set_instance_assignment -name IO_STANDARD "1.2-V HSUL" -to mem_dq[9] -tag __LPDDR2x32_4p_p0
set_instance_assignment -name OUTPUT_TERMINATION "SERIES 34 OHM WITH CALIBRATION" -to mem_dq[9] -tag __LPDDR2x32_4p_p0
set_instance_assignment -name IO_STANDARD "1.2-V HSUL" -to mem_dq[10] -tag __LPDDR2x32_4p_p0
set_instance_assignment -name OUTPUT_TERMINATION "SERIES 34 OHM WITH CALIBRATION" -to mem_dq[10] -tag __LPDDR2x32_4p_p0
set_instance_assignment -name IO_STANDARD "1.2-V HSUL" -to mem_dq[11] -tag __LPDDR2x32_4p_p0
set_instance_assignment -name OUTPUT_TERMINATION "SERIES 34 OHM WITH CALIBRATION" -to mem_dq[11] -tag __LPDDR2x32_4p_p0
set_instance_assignment -name IO_STANDARD "1.2-V HSUL" -to mem_dq[12] -tag __LPDDR2x32_4p_p0
set_instance_assignment -name OUTPUT_TERMINATION "SERIES 34 OHM WITH CALIBRATION" -to mem_dq[12] -tag __LPDDR2x32_4p_p0
set_instance_assignment -name IO_STANDARD "1.2-V HSUL" -to mem_dq[13] -tag __LPDDR2x32_4p_p0
set_instance_assignment -name OUTPUT_TERMINATION "SERIES 34 OHM WITH CALIBRATION" -to mem_dq[13] -tag __LPDDR2x32_4p_p0
set_instance_assignment -name IO_STANDARD "1.2-V HSUL" -to mem_dq[14] -tag __LPDDR2x32_4p_p0
set_instance_assignment -name OUTPUT_TERMINATION "SERIES 34 OHM WITH CALIBRATION" -to mem_dq[14] -tag __LPDDR2x32_4p_p0
set_instance_assignment -name IO_STANDARD "1.2-V HSUL" -to mem_dq[15] -tag __LPDDR2x32_4p_p0
set_instance_assignment -name OUTPUT_TERMINATION "SERIES 34 OHM WITH CALIBRATION" -to mem_dq[15] -tag __LPDDR2x32_4p_p0
set_instance_assignment -name IO_STANDARD "1.2-V HSUL" -to mem_dq[16] -tag __LPDDR2x32_4p_p0
set_instance_assignment -name OUTPUT_TERMINATION "SERIES 34 OHM WITH CALIBRATION" -to mem_dq[16] -tag __LPDDR2x32_4p_p0
set_instance_assignment -name IO_STANDARD "1.2-V HSUL" -to mem_dq[17] -tag __LPDDR2x32_4p_p0
set_instance_assignment -name OUTPUT_TERMINATION "SERIES 34 OHM WITH CALIBRATION" -to mem_dq[17] -tag __LPDDR2x32_4p_p0
set_instance_assignment -name IO_STANDARD "1.2-V HSUL" -to mem_dq[18] -tag __LPDDR2x32_4p_p0
set_instance_assignment -name OUTPUT_TERMINATION "SERIES 34 OHM WITH CALIBRATION" -to mem_dq[18] -tag __LPDDR2x32_4p_p0
set_instance_assignment -name IO_STANDARD "1.2-V HSUL" -to mem_dq[19] -tag __LPDDR2x32_4p_p0
set_instance_assignment -name OUTPUT_TERMINATION "SERIES 34 OHM WITH CALIBRATION" -to mem_dq[19] -tag __LPDDR2x32_4p_p0
set_instance_assignment -name IO_STANDARD "1.2-V HSUL" -to mem_dq[20] -tag __LPDDR2x32_4p_p0
set_instance_assignment -name OUTPUT_TERMINATION "SERIES 34 OHM WITH CALIBRATION" -to mem_dq[20] -tag __LPDDR2x32_4p_p0
set_instance_assignment -name IO_STANDARD "1.2-V HSUL" -to mem_dq[21] -tag __LPDDR2x32_4p_p0
set_instance_assignment -name OUTPUT_TERMINATION "SERIES 34 OHM WITH CALIBRATION" -to mem_dq[21] -tag __LPDDR2x32_4p_p0
set_instance_assignment -name IO_STANDARD "1.2-V HSUL" -to mem_dq[22] -tag __LPDDR2x32_4p_p0
set_instance_assignment -name OUTPUT_TERMINATION "SERIES 34 OHM WITH CALIBRATION" -to mem_dq[22] -tag __LPDDR2x32_4p_p0
set_instance_assignment -name IO_STANDARD "1.2-V HSUL" -to mem_dq[23] -tag __LPDDR2x32_4p_p0
set_instance_assignment -name OUTPUT_TERMINATION "SERIES 34 OHM WITH CALIBRATION" -to mem_dq[23] -tag __LPDDR2x32_4p_p0
set_instance_assignment -name IO_STANDARD "1.2-V HSUL" -to mem_dq[24] -tag __LPDDR2x32_4p_p0
set_instance_assignment -name OUTPUT_TERMINATION "SERIES 34 OHM WITH CALIBRATION" -to mem_dq[24] -tag __LPDDR2x32_4p_p0
set_instance_assignment -name IO_STANDARD "1.2-V HSUL" -to mem_dq[25] -tag __LPDDR2x32_4p_p0
set_instance_assignment -name OUTPUT_TERMINATION "SERIES 34 OHM WITH CALIBRATION" -to mem_dq[25] -tag __LPDDR2x32_4p_p0
set_instance_assignment -name IO_STANDARD "1.2-V HSUL" -to mem_dq[26] -tag __LPDDR2x32_4p_p0
set_instance_assignment -name OUTPUT_TERMINATION "SERIES 34 OHM WITH CALIBRATION" -to mem_dq[26] -tag __LPDDR2x32_4p_p0
set_instance_assignment -name IO_STANDARD "1.2-V HSUL" -to mem_dq[27] -tag __LPDDR2x32_4p_p0
set_instance_assignment -name OUTPUT_TERMINATION "SERIES 34 OHM WITH CALIBRATION" -to mem_dq[27] -tag __LPDDR2x32_4p_p0
set_instance_assignment -name IO_STANDARD "1.2-V HSUL" -to mem_dq[28] -tag __LPDDR2x32_4p_p0
set_instance_assignment -name OUTPUT_TERMINATION "SERIES 34 OHM WITH CALIBRATION" -to mem_dq[28] -tag __LPDDR2x32_4p_p0
set_instance_assignment -name IO_STANDARD "1.2-V HSUL" -to mem_dq[29] -tag __LPDDR2x32_4p_p0
set_instance_assignment -name OUTPUT_TERMINATION "SERIES 34 OHM WITH CALIBRATION" -to mem_dq[29] -tag __LPDDR2x32_4p_p0
set_instance_assignment -name IO_STANDARD "1.2-V HSUL" -to mem_dq[30] -tag __LPDDR2x32_4p_p0
set_instance_assignment -name OUTPUT_TERMINATION "SERIES 34 OHM WITH CALIBRATION" -to mem_dq[30] -tag __LPDDR2x32_4p_p0
set_instance_assignment -name IO_STANDARD "1.2-V HSUL" -to mem_dq[31] -tag __LPDDR2x32_4p_p0
set_instance_assignment -name OUTPUT_TERMINATION "SERIES 34 OHM WITH CALIBRATION" -to mem_dq[31] -tag __LPDDR2x32_4p_p0
set_instance_assignment -name IO_STANDARD "DIFFERENTIAL 1.2-V HSUL" -to mem_dqs[0] -tag __LPDDR2x32_4p_p0
set_instance_assignment -name OUTPUT_TERMINATION "SERIES 34 OHM WITH CALIBRATION" -to mem_dqs[0] -tag __LPDDR2x32_4p_p0
set_instance_assignment -name D5_DELAY 4 -to mem_dqs[0] -tag __LPDDR2x32_4p_p0
set_instance_assignment -name D6_DELAY 0 -to mem_dqs[0] -tag __LPDDR2x32_4p_p0
set_instance_assignment -name IO_STANDARD "DIFFERENTIAL 1.2-V HSUL" -to mem_dqs[1] -tag __LPDDR2x32_4p_p0
set_instance_assignment -name OUTPUT_TERMINATION "SERIES 34 OHM WITH CALIBRATION" -to mem_dqs[1] -tag __LPDDR2x32_4p_p0
set_instance_assignment -name D5_DELAY 4 -to mem_dqs[1] -tag __LPDDR2x32_4p_p0
set_instance_assignment -name D6_DELAY 0 -to mem_dqs[1] -tag __LPDDR2x32_4p_p0
set_instance_assignment -name IO_STANDARD "DIFFERENTIAL 1.2-V HSUL" -to mem_dqs[2] -tag __LPDDR2x32_4p_p0
set_instance_assignment -name OUTPUT_TERMINATION "SERIES 34 OHM WITH CALIBRATION" -to mem_dqs[2] -tag __LPDDR2x32_4p_p0
set_instance_assignment -name D5_DELAY 4 -to mem_dqs[2] -tag __LPDDR2x32_4p_p0
set_instance_assignment -name D6_DELAY 0 -to mem_dqs[2] -tag __LPDDR2x32_4p_p0
set_instance_assignment -name IO_STANDARD "DIFFERENTIAL 1.2-V HSUL" -to mem_dqs[3] -tag __LPDDR2x32_4p_p0
set_instance_assignment -name OUTPUT_TERMINATION "SERIES 34 OHM WITH CALIBRATION" -to mem_dqs[3] -tag __LPDDR2x32_4p_p0
set_instance_assignment -name D5_DELAY 4 -to mem_dqs[3] -tag __LPDDR2x32_4p_p0
set_instance_assignment -name D6_DELAY 0 -to mem_dqs[3] -tag __LPDDR2x32_4p_p0
set_instance_assignment -name IO_STANDARD "DIFFERENTIAL 1.2-V HSUL" -to mem_dqs_n[0] -tag __LPDDR2x32_4p_p0
set_instance_assignment -name OUTPUT_TERMINATION "SERIES 34 OHM WITH CALIBRATION" -to mem_dqs_n[0] -tag __LPDDR2x32_4p_p0
set_instance_assignment -name D5_DELAY 4 -to mem_dqs_n[0] -tag __LPDDR2x32_4p_p0
set_instance_assignment -name D6_DELAY 0 -to mem_dqs_n[0] -tag __LPDDR2x32_4p_p0
set_instance_assignment -name IO_STANDARD "DIFFERENTIAL 1.2-V HSUL" -to mem_dqs_n[1] -tag __LPDDR2x32_4p_p0
set_instance_assignment -name OUTPUT_TERMINATION "SERIES 34 OHM WITH CALIBRATION" -to mem_dqs_n[1] -tag __LPDDR2x32_4p_p0
set_instance_assignment -name D5_DELAY 4 -to mem_dqs_n[1] -tag __LPDDR2x32_4p_p0
set_instance_assignment -name D6_DELAY 0 -to mem_dqs_n[1] -tag __LPDDR2x32_4p_p0
set_instance_assignment -name IO_STANDARD "DIFFERENTIAL 1.2-V HSUL" -to mem_dqs_n[2] -tag __LPDDR2x32_4p_p0
set_instance_assignment -name OUTPUT_TERMINATION "SERIES 34 OHM WITH CALIBRATION" -to mem_dqs_n[2] -tag __LPDDR2x32_4p_p0
set_instance_assignment -name D5_DELAY 4 -to mem_dqs_n[2] -tag __LPDDR2x32_4p_p0
set_instance_assignment -name D6_DELAY 0 -to mem_dqs_n[2] -tag __LPDDR2x32_4p_p0
set_instance_assignment -name IO_STANDARD "DIFFERENTIAL 1.2-V HSUL" -to mem_dqs_n[3] -tag __LPDDR2x32_4p_p0
set_instance_assignment -name OUTPUT_TERMINATION "SERIES 34 OHM WITH CALIBRATION" -to mem_dqs_n[3] -tag __LPDDR2x32_4p_p0
set_instance_assignment -name D5_DELAY 4 -to mem_dqs_n[3] -tag __LPDDR2x32_4p_p0
set_instance_assignment -name D6_DELAY 0 -to mem_dqs_n[3] -tag __LPDDR2x32_4p_p0
set_instance_assignment -name D5_DELAY 4 -to mem_ck -tag __LPDDR2x32_4p_p0
set_instance_assignment -name D5_DELAY 4 -to mem_ck_n -tag __LPDDR2x32_4p_p0
set_instance_assignment -name IO_STANDARD "1.2-V HSUL" -to mem_ca[0] -tag __LPDDR2x32_4p_p0
set_instance_assignment -name OUTPUT_TERMINATION "SERIES 34 OHM WITH CALIBRATION" -to mem_ca[0] -tag __LPDDR2x32_4p_p0
set_instance_assignment -name IO_STANDARD "1.2-V HSUL" -to mem_ca[1] -tag __LPDDR2x32_4p_p0
set_instance_assignment -name OUTPUT_TERMINATION "SERIES 34 OHM WITH CALIBRATION" -to mem_ca[1] -tag __LPDDR2x32_4p_p0
set_instance_assignment -name IO_STANDARD "1.2-V HSUL" -to mem_ca[2] -tag __LPDDR2x32_4p_p0
set_instance_assignment -name OUTPUT_TERMINATION "SERIES 34 OHM WITH CALIBRATION" -to mem_ca[2] -tag __LPDDR2x32_4p_p0
set_instance_assignment -name IO_STANDARD "1.2-V HSUL" -to mem_ca[3] -tag __LPDDR2x32_4p_p0
set_instance_assignment -name OUTPUT_TERMINATION "SERIES 34 OHM WITH CALIBRATION" -to mem_ca[3] -tag __LPDDR2x32_4p_p0
set_instance_assignment -name IO_STANDARD "1.2-V HSUL" -to mem_ca[4] -tag __LPDDR2x32_4p_p0
set_instance_assignment -name OUTPUT_TERMINATION "SERIES 34 OHM WITH CALIBRATION" -to mem_ca[4] -tag __LPDDR2x32_4p_p0
set_instance_assignment -name IO_STANDARD "1.2-V HSUL" -to mem_ca[5] -tag __LPDDR2x32_4p_p0
set_instance_assignment -name OUTPUT_TERMINATION "SERIES 34 OHM WITH CALIBRATION" -to mem_ca[5] -tag __LPDDR2x32_4p_p0
set_instance_assignment -name IO_STANDARD "1.2-V HSUL" -to mem_ca[6] -tag __LPDDR2x32_4p_p0
set_instance_assignment -name OUTPUT_TERMINATION "SERIES 34 OHM WITH CALIBRATION" -to mem_ca[6] -tag __LPDDR2x32_4p_p0
set_instance_assignment -name IO_STANDARD "1.2-V HSUL" -to mem_ca[7] -tag __LPDDR2x32_4p_p0
set_instance_assignment -name OUTPUT_TERMINATION "SERIES 34 OHM WITH CALIBRATION" -to mem_ca[7] -tag __LPDDR2x32_4p_p0
set_instance_assignment -name IO_STANDARD "1.2-V HSUL" -to mem_ca[8] -tag __LPDDR2x32_4p_p0
set_instance_assignment -name OUTPUT_TERMINATION "SERIES 34 OHM WITH CALIBRATION" -to mem_ca[8] -tag __LPDDR2x32_4p_p0
set_instance_assignment -name IO_STANDARD "1.2-V HSUL" -to mem_ca[9] -tag __LPDDR2x32_4p_p0
set_instance_assignment -name OUTPUT_TERMINATION "SERIES 34 OHM WITH CALIBRATION" -to mem_ca[9] -tag __LPDDR2x32_4p_p0
set_instance_assignment -name IO_STANDARD "1.2-V HSUL" -to mem_dm[0] -tag __LPDDR2x32_4p_p0
set_instance_assignment -name OUTPUT_TERMINATION "SERIES 34 OHM WITH CALIBRATION" -to mem_dm[0] -tag __LPDDR2x32_4p_p0
set_instance_assignment -name IO_STANDARD "1.2-V HSUL" -to mem_dm[1] -tag __LPDDR2x32_4p_p0
set_instance_assignment -name OUTPUT_TERMINATION "SERIES 34 OHM WITH CALIBRATION" -to mem_dm[1] -tag __LPDDR2x32_4p_p0
set_instance_assignment -name IO_STANDARD "1.2-V HSUL" -to mem_dm[2] -tag __LPDDR2x32_4p_p0
set_instance_assignment -name OUTPUT_TERMINATION "SERIES 34 OHM WITH CALIBRATION" -to mem_dm[2] -tag __LPDDR2x32_4p_p0
set_instance_assignment -name IO_STANDARD "1.2-V HSUL" -to mem_dm[3] -tag __LPDDR2x32_4p_p0
set_instance_assignment -name OUTPUT_TERMINATION "SERIES 34 OHM WITH CALIBRATION" -to mem_dm[3] -tag __LPDDR2x32_4p_p0
#set_instance_assignment -name IO_STANDARD "1.2-V HSUL" -to CLOCK_50_B5B -tag __LPDDR2x32_4p_p0
set_instance_assignment -name PACKAGE_SKEW_COMPENSATION OFF -to mem_dq[0] -tag __LPDDR2x32_4p_p0
set_instance_assignment -name PACKAGE_SKEW_COMPENSATION OFF -to mem_dq[1] -tag __LPDDR2x32_4p_p0
set_instance_assignment -name PACKAGE_SKEW_COMPENSATION OFF -to mem_dq[2] -tag __LPDDR2x32_4p_p0
set_instance_assignment -name PACKAGE_SKEW_COMPENSATION OFF -to mem_dq[3] -tag __LPDDR2x32_4p_p0
set_instance_assignment -name PACKAGE_SKEW_COMPENSATION OFF -to mem_dq[4] -tag __LPDDR2x32_4p_p0
set_instance_assignment -name PACKAGE_SKEW_COMPENSATION OFF -to mem_dq[5] -tag __LPDDR2x32_4p_p0
set_instance_assignment -name PACKAGE_SKEW_COMPENSATION OFF -to mem_dq[6] -tag __LPDDR2x32_4p_p0
set_instance_assignment -name PACKAGE_SKEW_COMPENSATION OFF -to mem_dq[7] -tag __LPDDR2x32_4p_p0
set_instance_assignment -name PACKAGE_SKEW_COMPENSATION OFF -to mem_dq[8] -tag __LPDDR2x32_4p_p0
set_instance_assignment -name PACKAGE_SKEW_COMPENSATION OFF -to mem_dq[9] -tag __LPDDR2x32_4p_p0
set_instance_assignment -name PACKAGE_SKEW_COMPENSATION OFF -to mem_dq[10] -tag __LPDDR2x32_4p_p0
set_instance_assignment -name PACKAGE_SKEW_COMPENSATION OFF -to mem_dq[11] -tag __LPDDR2x32_4p_p0
set_instance_assignment -name PACKAGE_SKEW_COMPENSATION OFF -to mem_dq[12] -tag __LPDDR2x32_4p_p0
set_instance_assignment -name PACKAGE_SKEW_COMPENSATION OFF -to mem_dq[13] -tag __LPDDR2x32_4p_p0
set_instance_assignment -name PACKAGE_SKEW_COMPENSATION OFF -to mem_dq[14] -tag __LPDDR2x32_4p_p0
set_instance_assignment -name PACKAGE_SKEW_COMPENSATION OFF -to mem_dq[15] -tag __LPDDR2x32_4p_p0
set_instance_assignment -name PACKAGE_SKEW_COMPENSATION OFF -to mem_dq[16] -tag __LPDDR2x32_4p_p0
set_instance_assignment -name PACKAGE_SKEW_COMPENSATION OFF -to mem_dq[17] -tag __LPDDR2x32_4p_p0
set_instance_assignment -name PACKAGE_SKEW_COMPENSATION OFF -to mem_dq[18] -tag __LPDDR2x32_4p_p0
set_instance_assignment -name PACKAGE_SKEW_COMPENSATION OFF -to mem_dq[19] -tag __LPDDR2x32_4p_p0
set_instance_assignment -name PACKAGE_SKEW_COMPENSATION OFF -to mem_dq[20] -tag __LPDDR2x32_4p_p0
set_instance_assignment -name PACKAGE_SKEW_COMPENSATION OFF -to mem_dq[21] -tag __LPDDR2x32_4p_p0
set_instance_assignment -name PACKAGE_SKEW_COMPENSATION OFF -to mem_dq[22] -tag __LPDDR2x32_4p_p0
set_instance_assignment -name PACKAGE_SKEW_COMPENSATION OFF -to mem_dq[23] -tag __LPDDR2x32_4p_p0
set_instance_assignment -name PACKAGE_SKEW_COMPENSATION OFF -to mem_dq[24] -tag __LPDDR2x32_4p_p0
set_instance_assignment -name PACKAGE_SKEW_COMPENSATION OFF -to mem_dq[25] -tag __LPDDR2x32_4p_p0
set_instance_assignment -name PACKAGE_SKEW_COMPENSATION OFF -to mem_dq[26] -tag __LPDDR2x32_4p_p0
set_instance_assignment -name PACKAGE_SKEW_COMPENSATION OFF -to mem_dq[27] -tag __LPDDR2x32_4p_p0
set_instance_assignment -name PACKAGE_SKEW_COMPENSATION OFF -to mem_dq[28] -tag __LPDDR2x32_4p_p0
set_instance_assignment -name PACKAGE_SKEW_COMPENSATION OFF -to mem_dq[29] -tag __LPDDR2x32_4p_p0
set_instance_assignment -name PACKAGE_SKEW_COMPENSATION OFF -to mem_dq[30] -tag __LPDDR2x32_4p_p0
set_instance_assignment -name PACKAGE_SKEW_COMPENSATION OFF -to mem_dq[31] -tag __LPDDR2x32_4p_p0
set_instance_assignment -name PACKAGE_SKEW_COMPENSATION OFF -to mem_dm[0] -tag __LPDDR2x32_4p_p0
set_instance_assignment -name PACKAGE_SKEW_COMPENSATION OFF -to mem_dm[1] -tag __LPDDR2x32_4p_p0
set_instance_assignment -name PACKAGE_SKEW_COMPENSATION OFF -to mem_dm[2] -tag __LPDDR2x32_4p_p0
set_instance_assignment -name PACKAGE_SKEW_COMPENSATION OFF -to mem_dm[3] -tag __LPDDR2x32_4p_p0
set_instance_assignment -name PACKAGE_SKEW_COMPENSATION OFF -to mem_dqs[0] -tag __LPDDR2x32_4p_p0
set_instance_assignment -name PACKAGE_SKEW_COMPENSATION OFF -to mem_dqs[1] -tag __LPDDR2x32_4p_p0
set_instance_assignment -name PACKAGE_SKEW_COMPENSATION OFF -to mem_dqs[2] -tag __LPDDR2x32_4p_p0
set_instance_assignment -name PACKAGE_SKEW_COMPENSATION OFF -to mem_dqs[3] -tag __LPDDR2x32_4p_p0
set_instance_assignment -name PACKAGE_SKEW_COMPENSATION OFF -to mem_dqs_n[0] -tag __LPDDR2x32_4p_p0
set_instance_assignment -name PACKAGE_SKEW_COMPENSATION OFF -to mem_dqs_n[1] -tag __LPDDR2x32_4p_p0
set_instance_assignment -name PACKAGE_SKEW_COMPENSATION OFF -to mem_dqs_n[2] -tag __LPDDR2x32_4p_p0
set_instance_assignment -name PACKAGE_SKEW_COMPENSATION OFF -to mem_dqs_n[3] -tag __LPDDR2x32_4p_p0
set_instance_assignment -name PACKAGE_SKEW_COMPENSATION OFF -to mem_ca[0] -tag __LPDDR2x32_4p_p0
set_instance_assignment -name PACKAGE_SKEW_COMPENSATION OFF -to mem_ca[1] -tag __LPDDR2x32_4p_p0
set_instance_assignment -name PACKAGE_SKEW_COMPENSATION OFF -to mem_ca[2] -tag __LPDDR2x32_4p_p0
set_instance_assignment -name PACKAGE_SKEW_COMPENSATION OFF -to mem_ca[3] -tag __LPDDR2x32_4p_p0
set_instance_assignment -name PACKAGE_SKEW_COMPENSATION OFF -to mem_ca[4] -tag __LPDDR2x32_4p_p0
set_instance_assignment -name PACKAGE_SKEW_COMPENSATION OFF -to mem_ca[5] -tag __LPDDR2x32_4p_p0
set_instance_assignment -name PACKAGE_SKEW_COMPENSATION OFF -to mem_ca[6] -tag __LPDDR2x32_4p_p0
set_instance_assignment -name PACKAGE_SKEW_COMPENSATION OFF -to mem_ca[7] -tag __LPDDR2x32_4p_p0
set_instance_assignment -name PACKAGE_SKEW_COMPENSATION OFF -to mem_ca[8] -tag __LPDDR2x32_4p_p0
set_instance_assignment -name PACKAGE_SKEW_COMPENSATION OFF -to mem_ca[9] -tag __LPDDR2x32_4p_p0
set_instance_assignment -name PACKAGE_SKEW_COMPENSATION OFF -to mem_cke -tag __LPDDR2x32_4p_p0
set_instance_assignment -name PACKAGE_SKEW_COMPENSATION OFF -to mem_cs_n -tag __LPDDR2x32_4p_p0
set_instance_assignment -name PACKAGE_SKEW_COMPENSATION OFF -to mem_ck -tag __LPDDR2x32_4p_p0
set_instance_assignment -name PACKAGE_SKEW_COMPENSATION OFF -to mem_ck_n -tag __LPDDR2x32_4p_p0
set_instance_assignment -name GLOBAL_SIGNAL "DUAL-REGIONAL CLOCK" -to mem_int|lpddr2x32_4p_inst|lpddr2x32_4p_inst|pll0|pll_avl_clk -tag __LPDDR2x32_4p_p0
set_instance_assignment -name GLOBAL_SIGNAL "DUAL-REGIONAL CLOCK" -to mem_int|lpddr2x32_4p_inst|lpddr2x32_4p_inst|pll0|pll_config_clk -tag __LPDDR2x32_4p_p0
set_instance_assignment -name GLOBAL_SIGNAL OFF -to mem_int|lpddr2x32_4p_inst|lpddr2x32_4p_inst|p0|umemphy|ureset|phy_reset_mem_stable_n -tag __LPDDR2x32_4p_p0
set_instance_assignment -name GLOBAL_SIGNAL OFF -to mem_int|lpddr2x32_4p_inst|lpddr2x32_4p_inst|p0|umemphy|ureset|phy_reset_n -tag __LPDDR2x32_4p_p0
set_instance_assignment -name GLOBAL_SIGNAL OFF -to mem_int|lpddr2x32_4p_inst|lpddr2x32_4p_inst|s0|sequencer_rw_mgr_inst|rw_mgr_inst|rw_mgr_core_inst|rw_soft_reset_n -tag __LPDDR2x32_4p_p0
set_instance_assignment -name GLOBAL_SIGNAL OFF -to mem_int|lpddr2x32_4p_inst|lpddr2x32_4p_inst|p0|umemphy|uio_pads|dq_ddio[0].read_capture_clk_buffer -tag __LPDDR2x32_4p_p0
set_instance_assignment -name GLOBAL_SIGNAL OFF -to mem_int|lpddr2x32_4p_inst|lpddr2x32_4p_inst|p0|umemphy|uread_datapath|reset_n_fifo_write_side[0] -tag __LPDDR2x32_4p_p0
set_instance_assignment -name GLOBAL_SIGNAL OFF -to mem_int|lpddr2x32_4p_inst|lpddr2x32_4p_inst|p0|umemphy|uread_datapath|reset_n_fifo_wraddress[0] -tag __LPDDR2x32_4p_p0
set_instance_assignment -name GLOBAL_SIGNAL OFF -to mem_int|lpddr2x32_4p_inst|lpddr2x32_4p_inst|p0|umemphy|uio_pads|dq_ddio[1].read_capture_clk_buffer -tag __LPDDR2x32_4p_p0
set_instance_assignment -name GLOBAL_SIGNAL OFF -to mem_int|lpddr2x32_4p_inst|lpddr2x32_4p_inst|p0|umemphy|uread_datapath|reset_n_fifo_write_side[1] -tag __LPDDR2x32_4p_p0
set_instance_assignment -name GLOBAL_SIGNAL OFF -to mem_int|lpddr2x32_4p_inst|lpddr2x32_4p_inst|p0|umemphy|uread_datapath|reset_n_fifo_wraddress[1] -tag __LPDDR2x32_4p_p0
set_instance_assignment -name GLOBAL_SIGNAL OFF -to mem_int|lpddr2x32_4p_inst|lpddr2x32_4p_inst|p0|umemphy|uio_pads|dq_ddio[2].read_capture_clk_buffer -tag __LPDDR2x32_4p_p0
set_instance_assignment -name GLOBAL_SIGNAL OFF -to mem_int|lpddr2x32_4p_inst|lpddr2x32_4p_inst|p0|umemphy|uread_datapath|reset_n_fifo_write_side[2] -tag __LPDDR2x32_4p_p0
set_instance_assignment -name GLOBAL_SIGNAL OFF -to mem_int|lpddr2x32_4p_inst|lpddr2x32_4p_inst|p0|umemphy|uread_datapath|reset_n_fifo_wraddress[2] -tag __LPDDR2x32_4p_p0
set_instance_assignment -name GLOBAL_SIGNAL OFF -to mem_int|lpddr2x32_4p_inst|lpddr2x32_4p_inst|p0|umemphy|uio_pads|dq_ddio[3].read_capture_clk_buffer -tag __LPDDR2x32_4p_p0
set_instance_assignment -name GLOBAL_SIGNAL OFF -to mem_int|lpddr2x32_4p_inst|lpddr2x32_4p_inst|p0|umemphy|uread_datapath|reset_n_fifo_write_side[3] -tag __LPDDR2x32_4p_p0
set_instance_assignment -name GLOBAL_SIGNAL OFF -to mem_int|lpddr2x32_4p_inst|lpddr2x32_4p_inst|p0|umemphy|uread_datapath|reset_n_fifo_wraddress[3] -tag __LPDDR2x32_4p_p0
set_instance_assignment -name ENABLE_BENEFICIAL_SKEW_OPTIMIZATION_FOR_NON_GLOBAL_CLOCKS ON -to mem_int|lpddr2x32_4p_inst|lpddr2x32_4p_inst -tag __LPDDR2x32_4p_p0
set_instance_assignment -name PLL_COMPENSATION_MODE DIRECT -to mem_int|lpddr2x32_4p_inst|lpddr2x32_4p_inst|pll0|fbout -tag __LPDDR2x32_4p_p0
set_global_assignment -name USE_DLL_FREQUENCY_FOR_DQS_DELAY_CHAIN ON
set_global_assignment -name UNIPHY_SEQUENCER_DQS_CONFIG_ENABLE ON
set_global_assignment -name ENABLE_SIGNALTAP ON
set_global_assignment -name USE_SIGNALTAP_FILE frame_bufs.stp
set_global_assignment -name SLD_NODE_CREATOR_ID 110 -section_id auto_signaltap_0
set_global_assignment -name SLD_NODE_ENTITY_NAME sld_signaltap -section_id auto_signaltap_0
set_global_assignment -name SLD_NODE_PARAMETER_ASSIGNMENT "SLD_RAM_BLOCK_TYPE=AUTO" -section_id auto_signaltap_0
set_global_assignment -name SLD_NODE_PARAMETER_ASSIGNMENT "SLD_NODE_INFO=805334528" -section_id auto_signaltap_0
set_global_assignment -name SLD_NODE_PARAMETER_ASSIGNMENT "SLD_POWER_UP_TRIGGER=0" -section_id auto_signaltap_0
set_global_assignment -name SLD_NODE_PARAMETER_ASSIGNMENT "SLD_STORAGE_QUALIFIER_INVERSION_MASK_LENGTH=0" -section_id auto_signaltap_0
set_global_assignment -name SLD_NODE_PARAMETER_ASSIGNMENT "SLD_ATTRIBUTE_MEM_MODE=OFF" -section_id auto_signaltap_0
set_global_assignment -name SLD_NODE_PARAMETER_ASSIGNMENT "SLD_STATE_FLOW_USE_GENERATED=0" -section_id auto_signaltap_0
set_global_assignment -name SLD_NODE_PARAMETER_ASSIGNMENT "SLD_STATE_BITS=11" -section_id auto_signaltap_0
set_global_assignment -name SLD_NODE_PARAMETER_ASSIGNMENT "SLD_BUFFER_FULL_STOP=1" -section_id auto_signaltap_0
set_global_assignment -name SLD_NODE_PARAMETER_ASSIGNMENT "SLD_CURRENT_RESOURCE_WIDTH=1" -section_id auto_signaltap_0
set_global_assignment -name SLD_NODE_PARAMETER_ASSIGNMENT "SLD_INCREMENTAL_ROUTING=1" -section_id auto_signaltap_0
set_global_assignment -name SLD_NODE_PARAMETER_ASSIGNMENT "SLD_TRIGGER_LEVEL=1" -section_id auto_signaltap_0
set_global_assignment -name SLD_NODE_PARAMETER_ASSIGNMENT "SLD_TRIGGER_IN_ENABLED=0" -section_id auto_signaltap_0
set_global_assignment -name SLD_NODE_PARAMETER_ASSIGNMENT "SLD_TRIGGER_LEVEL_PIPELINE=1" -section_id auto_signaltap_0
set_instance_assignment -name D5_DELAY 4 -to mem_ck[0] -tag __LPDDR2x32_4p_p0
set_instance_assignment -name IO_STANDARD "DIFFERENTIAL 1.2-V HSUL" -to mem_ck[0] -tag __LPDDR2x32_4p_p0
set_instance_assignment -name OUTPUT_TERMINATION "SERIES 34 OHM WITH CALIBRATION" -to mem_ck[0] -tag __LPDDR2x32_4p_p0
set_instance_assignment -name D5_DELAY 4 -to mem_ck_n[0] -tag __LPDDR2x32_4p_p0
set_instance_assignment -name IO_STANDARD "DIFFERENTIAL 1.2-V HSUL" -to mem_ck_n[0] -tag __LPDDR2x32_4p_p0
set_instance_assignment -name OUTPUT_TERMINATION "SERIES 34 OHM WITH CALIBRATION" -to mem_ck_n[0] -tag __LPDDR2x32_4p_p0
set_instance_assignment -name IO_STANDARD "1.2-V HSUL" -to mem_cke[0] -tag __LPDDR2x32_4p_p0
set_instance_assignment -name OUTPUT_TERMINATION "SERIES 34 OHM WITH CALIBRATION" -to mem_cke[0] -tag __LPDDR2x32_4p_p0
set_instance_assignment -name IO_STANDARD "1.2-V HSUL" -to mem_cs_n[0] -tag __LPDDR2x32_4p_p0
set_instance_assignment -name OUTPUT_TERMINATION "SERIES 34 OHM WITH CALIBRATION" -to mem_cs_n[0] -tag __LPDDR2x32_4p_p0
set_instance_assignment -name PACKAGE_SKEW_COMPENSATION OFF -to mem_cke[0] -tag __LPDDR2x32_4p_p0
set_instance_assignment -name PACKAGE_SKEW_COMPENSATION OFF -to mem_cs_n[0] -tag __LPDDR2x32_4p_p0
set_instance_assignment -name PACKAGE_SKEW_COMPENSATION OFF -to mem_ck[0] -tag __LPDDR2x32_4p_p0
set_instance_assignment -name PACKAGE_SKEW_COMPENSATION OFF -to mem_ck_n[0] -tag __LPDDR2x32_4p_p0
set_global_assignment -name STRATIX_DEVICE_IO_STANDARD "2.5 V"
set_global_assignment -name IOBANK_VCCIO 1.2V -section_id 3B
set_global_assignment -name IOBANK_VCCIO 1.2V -section_id 4A
set_global_assignment -name IOBANK_VCCIO 3.3V -section_id 5A
set_global_assignment -name IOBANK_VCCIO 3.3V -section_id 5B
set_global_assignment -name IOBANK_VCCIO 3.3V -section_id 6A
set_global_assignment -name IOBANK_VCCIO 2.5V -section_id 7A
set_global_assignment -name IOBANK_VCCIO 2.5V -section_id 8A
set_global_assignment -name IOBANK_VCCIO 3.3V -section_id 3A
set_global_assignment -name QIP_FILE LPDDR2x32_4p.qip
set_global_assignment -name CDF_FILE SOF.cdf
set_global_assignment -name SDC_FILE mem_test.sdc
set_global_assignment -name QIP_FILE ISSP/synthesis/ISSP.qip
set_global_assignment -name SOURCE_FILE C5G_LPDDR2_Settings.qprs
set_global_assignment -name SIP_FILE LPDDR2x32_4p.sip
set_global_assignment -name QIP_FILE PLL.qip
set_global_assignment -name SIP_FILE PLL.sip
set_global_assignment -name SIGNALTAP_FILE stp1.stp
set_global_assignment -name SOURCE_FILE Spf1.spf
set_global_assignment -name ENABLE_OCT_DONE OFF
set_global_assignment -name ENABLE_CONFIGURATION_PINS OFF
set_global_assignment -name ENABLE_BOOT_SEL_PIN OFF
set_global_assignment -name USE_CONFIGURATION_DEVICE ON
set_global_assignment -name STRATIXII_CONFIGURATION_DEVICE EPCQ256
set_global_assignment -name CRC_ERROR_OPEN_DRAIN ON
set_global_assignment -name OUTPUT_IO_TIMING_NEAR_END_VMEAS "HALF VCCIO" -rise
set_global_assignment -name OUTPUT_IO_TIMING_NEAR_END_VMEAS "HALF VCCIO" -fall
set_global_assignment -name OUTPUT_IO_TIMING_FAR_END_VMEAS "HALF SIGNAL SWING" -rise
set_global_assignment -name OUTPUT_IO_TIMING_FAR_END_VMEAS "HALF SIGNAL SWING" -fall
set_global_assignment -name ACTIVE_SERIAL_CLOCK FREQ_100MHZ
set_global_assignment -name CDF_FILE output_files/Chain1.cdf
set_instance_assignment -name POST_FIT_CONNECT_TO_SLD_NODE_ENTITY_PORT crc[13] -to auto_signaltap_0|gnd -section_id auto_signaltap_0
set_global_assignment -name CDF_FILE output_files/Chain2.cdf
set_global_assignment -name PHYSICAL_SYNTHESIS_COMBO_LOGIC ON
set_global_assignment -name PHYSICAL_SYNTHESIS_REGISTER_DUPLICATION ON
set_global_assignment -name CDF_FILE output_files/mem_test.cdf

set_global_assignment -name QIP_FILE FIFO.qip
set_instance_assignment -name CONNECT_TO_SLD_NODE_ENTITY_PORT acq_clk -to "clocks:clock_block|pll_outclk_0" -section_id auto_signaltap_0
set_instance_assignment -name POST_FIT_CONNECT_TO_SLD_NODE_ENTITY_PORT crc[1] -to auto_signaltap_0|vcc -section_id auto_signaltap_0
set_instance_assignment -name POST_FIT_CONNECT_TO_SLD_NODE_ENTITY_PORT crc[3] -to auto_signaltap_0|vcc -section_id auto_signaltap_0
set_instance_assignment -name POST_FIT_CONNECT_TO_SLD_NODE_ENTITY_PORT crc[6] -to auto_signaltap_0|vcc -section_id auto_signaltap_0
set_instance_assignment -name POST_FIT_CONNECT_TO_SLD_NODE_ENTITY_PORT crc[11] -to auto_signaltap_0|vcc -section_id auto_signaltap_0
set_instance_assignment -name POST_FIT_CONNECT_TO_SLD_NODE_ENTITY_PORT crc[20] -to auto_signaltap_0|gnd -section_id auto_signaltap_0
set_instance_assignment -name POST_FIT_CONNECT_TO_SLD_NODE_ENTITY_PORT crc[0] -to auto_signaltap_0|vcc -section_id auto_signaltap_0
set_instance_assignment -name POST_FIT_CONNECT_TO_SLD_NODE_ENTITY_PORT crc[15] -to auto_signaltap_0|vcc -section_id auto_signaltap_0
set_instance_assignment -name POST_FIT_CONNECT_TO_SLD_NODE_ENTITY_PORT crc[21] -to auto_signaltap_0|vcc -section_id auto_signaltap_0
set_instance_assignment -name POST_FIT_CONNECT_TO_SLD_NODE_ENTITY_PORT crc[25] -to auto_signaltap_0|vcc -section_id auto_signaltap_0
set_instance_assignment -name POST_FIT_CONNECT_TO_SLD_NODE_ENTITY_PORT crc[26] -to auto_signaltap_0|vcc -section_id auto_signaltap_0
set_global_assignment -name SIGNALTAP_FILE cam_fifo.stp
set_global_assignment -name SIGNALTAP_FILE adv_fifo.stp
set_global_assignment -name SIGNALTAP_FILE frame_bufs.stp
set_instance_assignment -name POST_FIT_CONNECT_TO_SLD_NODE_ENTITY_PORT crc[7] -to auto_signaltap_0|vcc -section_id auto_signaltap_0
set_instance_assignment -name POST_FIT_CONNECT_TO_SLD_NODE_ENTITY_PORT crc[9] -to auto_signaltap_0|vcc -section_id auto_signaltap_0
set_instance_assignment -name POST_FIT_CONNECT_TO_SLD_NODE_ENTITY_PORT crc[28] -to auto_signaltap_0|gnd -section_id auto_signaltap_0
set_instance_assignment -name CONNECT_TO_SLD_NODE_ENTITY_PORT acq_trigger_in[0] -to "frame_buf_alt:frame_buf_0|full" -section_id auto_signaltap_0
set_global_assignment -name SLD_NODE_PARAMETER_ASSIGNMENT "SLD_TRIGGER_BITS=2" -section_id auto_signaltap_0
set_instance_assignment -name POST_FIT_CONNECT_TO_SLD_NODE_ENTITY_PORT crc[8] -to auto_signaltap_0|gnd -section_id auto_signaltap_0
set_instance_assignment -name POST_FIT_CONNECT_TO_SLD_NODE_ENTITY_PORT crc[12] -to auto_signaltap_0|vcc -section_id auto_signaltap_0
set_instance_assignment -name POST_FIT_CONNECT_TO_SLD_NODE_ENTITY_PORT crc[24] -to auto_signaltap_0|vcc -section_id auto_signaltap_0
set_instance_assignment -name POST_FIT_CONNECT_TO_SLD_NODE_ENTITY_PORT crc[4] -to auto_signaltap_0|gnd -section_id auto_signaltap_0
set_instance_assignment -name POST_FIT_CONNECT_TO_SLD_NODE_ENTITY_PORT crc[19] -to auto_signaltap_0|vcc -section_id auto_signaltap_0
set_global_assignment -name SLD_NODE_PARAMETER_ASSIGNMENT "SLD_SEGMENT_SIZE=2048" -section_id auto_signaltap_0
set_global_assignment -name SLD_NODE_PARAMETER_ASSIGNMENT "SLD_SAMPLE_DEPTH=2048" -section_id auto_signaltap_0
set_instance_assignment -name POST_FIT_CONNECT_TO_SLD_NODE_ENTITY_PORT crc[5] -to auto_signaltap_0|vcc -section_id auto_signaltap_0
set_instance_assignment -name POST_FIT_CONNECT_TO_SLD_NODE_ENTITY_PORT crc[10] -to auto_signaltap_0|vcc -section_id auto_signaltap_0
set_instance_assignment -name POST_FIT_CONNECT_TO_SLD_NODE_ENTITY_PORT crc[17] -to auto_signaltap_0|vcc -section_id auto_signaltap_0
set_instance_assignment -name POST_FIT_CONNECT_TO_SLD_NODE_ENTITY_PORT crc[22] -to auto_signaltap_0|vcc -section_id auto_signaltap_0
set_instance_assignment -name POST_FIT_CONNECT_TO_SLD_NODE_ENTITY_PORT crc[23] -to auto_signaltap_0|gnd -section_id auto_signaltap_0
set_instance_assignment -name POST_FIT_CONNECT_TO_SLD_NODE_ENTITY_PORT crc[27] -to auto_signaltap_0|vcc -section_id auto_signaltap_0
set_instance_assignment -name POST_FIT_CONNECT_TO_SLD_NODE_ENTITY_PORT crc[31] -to auto_signaltap_0|gnd -section_id auto_signaltap_0
set_instance_assignment -name CONNECT_TO_SLD_NODE_ENTITY_PORT acq_data_in[0] -to "FIFO:adv_fifo|data[0]" -section_id auto_signaltap_0
set_instance_assignment -name CONNECT_TO_SLD_NODE_ENTITY_PORT acq_data_in[1] -to "FIFO:adv_fifo|data[10]" -section_id auto_signaltap_0
set_instance_assignment -name CONNECT_TO_SLD_NODE_ENTITY_PORT acq_data_in[2] -to "FIFO:adv_fifo|data[11]" -section_id auto_signaltap_0
set_instance_assignment -name CONNECT_TO_SLD_NODE_ENTITY_PORT acq_data_in[3] -to "FIFO:adv_fifo|data[12]" -section_id auto_signaltap_0
set_instance_assignment -name CONNECT_TO_SLD_NODE_ENTITY_PORT acq_data_in[4] -to "FIFO:adv_fifo|data[13]" -section_id auto_signaltap_0
set_instance_assignment -name CONNECT_TO_SLD_NODE_ENTITY_PORT acq_data_in[5] -to "FIFO:adv_fifo|data[14]" -section_id auto_signaltap_0
set_instance_assignment -name CONNECT_TO_SLD_NODE_ENTITY_PORT acq_data_in[6] -to "FIFO:adv_fifo|data[15]" -section_id auto_signaltap_0
set_instance_assignment -name CONNECT_TO_SLD_NODE_ENTITY_PORT acq_data_in[7] -to "FIFO:adv_fifo|data[16]" -section_id auto_signaltap_0
set_instance_assignment -name CONNECT_TO_SLD_NODE_ENTITY_PORT acq_data_in[8] -to "FIFO:adv_fifo|data[17]" -section_id auto_signaltap_0
set_instance_assignment -name CONNECT_TO_SLD_NODE_ENTITY_PORT acq_data_in[9] -to "FIFO:adv_fifo|data[18]" -section_id auto_signaltap_0
set_instance_assignment -name CONNECT_TO_SLD_NODE_ENTITY_PORT acq_data_in[10] -to "FIFO:adv_fifo|data[19]" -section_id auto_signaltap_0
set_instance_assignment -name CONNECT_TO_SLD_NODE_ENTITY_PORT acq_data_in[11] -to "FIFO:adv_fifo|data[1]" -section_id auto_signaltap_0
set_instance_assignment -name CONNECT_TO_SLD_NODE_ENTITY_PORT acq_data_in[12] -to "FIFO:adv_fifo|data[20]" -section_id auto_signaltap_0
set_instance_assignment -name CONNECT_TO_SLD_NODE_ENTITY_PORT acq_data_in[13] -to "FIFO:adv_fifo|data[21]" -section_id auto_signaltap_0
set_instance_assignment -name CONNECT_TO_SLD_NODE_ENTITY_PORT acq_data_in[14] -to "FIFO:adv_fifo|data[22]" -section_id auto_signaltap_0
set_instance_assignment -name CONNECT_TO_SLD_NODE_ENTITY_PORT acq_data_in[15] -to "FIFO:adv_fifo|data[23]" -section_id auto_signaltap_0
set_instance_assignment -name CONNECT_TO_SLD_NODE_ENTITY_PORT acq_data_in[16] -to "FIFO:adv_fifo|data[2]" -section_id auto_signaltap_0
set_instance_assignment -name CONNECT_TO_SLD_NODE_ENTITY_PORT acq_data_in[17] -to "FIFO:adv_fifo|data[3]" -section_id auto_signaltap_0
set_instance_assignment -name CONNECT_TO_SLD_NODE_ENTITY_PORT acq_data_in[18] -to "FIFO:adv_fifo|data[4]" -section_id auto_signaltap_0
set_instance_assignment -name CONNECT_TO_SLD_NODE_ENTITY_PORT acq_data_in[19] -to "FIFO:adv_fifo|data[5]" -section_id auto_signaltap_0
set_instance_assignment -name CONNECT_TO_SLD_NODE_ENTITY_PORT acq_data_in[20] -to "FIFO:adv_fifo|data[6]" -section_id auto_signaltap_0
set_instance_assignment -name CONNECT_TO_SLD_NODE_ENTITY_PORT acq_data_in[21] -to "FIFO:adv_fifo|data[7]" -section_id auto_signaltap_0
set_instance_assignment -name CONNECT_TO_SLD_NODE_ENTITY_PORT acq_data_in[22] -to "FIFO:adv_fifo|data[8]" -section_id auto_signaltap_0
set_instance_assignment -name CONNECT_TO_SLD_NODE_ENTITY_PORT acq_data_in[23] -to "FIFO:adv_fifo|data[9]" -section_id auto_signaltap_0
set_instance_assignment -name CONNECT_TO_SLD_NODE_ENTITY_PORT acq_data_in[24] -to "FIFO:adv_fifo|q[0]" -section_id auto_signaltap_0
set_instance_assignment -name CONNECT_TO_SLD_NODE_ENTITY_PORT acq_data_in[25] -to "FIFO:adv_fifo|q[10]" -section_id auto_signaltap_0
set_instance_assignment -name CONNECT_TO_SLD_NODE_ENTITY_PORT acq_data_in[26] -to "FIFO:adv_fifo|q[11]" -section_id auto_signaltap_0
set_instance_assignment -name CONNECT_TO_SLD_NODE_ENTITY_PORT acq_data_in[27] -to "FIFO:adv_fifo|q[12]" -section_id auto_signaltap_0
set_instance_assignment -name CONNECT_TO_SLD_NODE_ENTITY_PORT acq_data_in[28] -to "FIFO:adv_fifo|q[13]" -section_id auto_signaltap_0
set_instance_assignment -name CONNECT_TO_SLD_NODE_ENTITY_PORT acq_data_in[29] -to "FIFO:adv_fifo|q[14]" -section_id auto_signaltap_0
set_instance_assignment -name CONNECT_TO_SLD_NODE_ENTITY_PORT acq_data_in[30] -to "FIFO:adv_fifo|q[15]" -section_id auto_signaltap_0
set_instance_assignment -name CONNECT_TO_SLD_NODE_ENTITY_PORT acq_data_in[31] -to "FIFO:adv_fifo|q[16]" -section_id auto_signaltap_0
set_instance_assignment -name CONNECT_TO_SLD_NODE_ENTITY_PORT acq_data_in[32] -to "FIFO:adv_fifo|q[17]" -section_id auto_signaltap_0
set_instance_assignment -name CONNECT_TO_SLD_NODE_ENTITY_PORT acq_data_in[33] -to "FIFO:adv_fifo|q[18]" -section_id auto_signaltap_0
set_instance_assignment -name CONNECT_TO_SLD_NODE_ENTITY_PORT acq_data_in[34] -to "FIFO:adv_fifo|q[19]" -section_id auto_signaltap_0
set_instance_assignment -name CONNECT_TO_SLD_NODE_ENTITY_PORT acq_data_in[35] -to "FIFO:adv_fifo|q[1]" -section_id auto_signaltap_0
set_instance_assignment -name CONNECT_TO_SLD_NODE_ENTITY_PORT acq_data_in[36] -to "FIFO:adv_fifo|q[20]" -section_id auto_signaltap_0
set_instance_assignment -name CONNECT_TO_SLD_NODE_ENTITY_PORT acq_data_in[37] -to "FIFO:adv_fifo|q[21]" -section_id auto_signaltap_0
set_instance_assignment -name CONNECT_TO_SLD_NODE_ENTITY_PORT acq_data_in[38] -to "FIFO:adv_fifo|q[22]" -section_id auto_signaltap_0
set_instance_assignment -name CONNECT_TO_SLD_NODE_ENTITY_PORT acq_data_in[39] -to "FIFO:adv_fifo|q[23]" -section_id auto_signaltap_0
set_instance_assignment -name CONNECT_TO_SLD_NODE_ENTITY_PORT acq_data_in[40] -to "FIFO:adv_fifo|q[2]" -section_id auto_signaltap_0
set_instance_assignment -name CONNECT_TO_SLD_NODE_ENTITY_PORT acq_data_in[41] -to "FIFO:adv_fifo|q[3]" -section_id auto_signaltap_0
set_instance_assignment -name CONNECT_TO_SLD_NODE_ENTITY_PORT acq_data_in[42] -to "FIFO:adv_fifo|q[4]" -section_id auto_signaltap_0
set_instance_assignment -name CONNECT_TO_SLD_NODE_ENTITY_PORT acq_data_in[43] -to "FIFO:adv_fifo|q[5]" -section_id auto_signaltap_0
set_instance_assignment -name CONNECT_TO_SLD_NODE_ENTITY_PORT acq_data_in[44] -to "FIFO:adv_fifo|q[6]" -section_id auto_signaltap_0
set_instance_assignment -name CONNECT_TO_SLD_NODE_ENTITY_PORT acq_data_in[45] -to "FIFO:adv_fifo|q[7]" -section_id auto_signaltap_0
set_instance_assignment -name CONNECT_TO_SLD_NODE_ENTITY_PORT acq_data_in[46] -to "FIFO:adv_fifo|q[8]" -section_id auto_signaltap_0
set_instance_assignment -name CONNECT_TO_SLD_NODE_ENTITY_PORT acq_data_in[47] -to "FIFO:adv_fifo|q[9]" -section_id auto_signaltap_0
set_instance_assignment -name POST_FIT_CONNECT_TO_SLD_NODE_ENTITY_PORT crc[14] -to auto_signaltap_0|vcc -section_id auto_signaltap_0
set_instance_assignment -name POST_FIT_CONNECT_TO_SLD_NODE_ENTITY_PORT crc[30] -to auto_signaltap_0|vcc -section_id auto_signaltap_0
set_global_assignment -name SLD_NODE_PARAMETER_ASSIGNMENT "SLD_ADVANCED_TRIGGER_ENTITY=basic,1," -section_id auto_signaltap_0
set_global_assignment -name SLD_NODE_PARAMETER_ASSIGNMENT "SLD_ENABLE_ADVANCED_TRIGGER=0" -section_id auto_signaltap_0
set_instance_assignment -name CONNECT_TO_SLD_NODE_ENTITY_PORT acq_trigger_in[1] -to "frame_buf_alt:frame_buf_1|rd_done" -section_id auto_signaltap_0
set_instance_assignment -name CONNECT_TO_SLD_NODE_ENTITY_PORT acq_data_in[48] -to "FIFO:adv_fifo|wrfull" -section_id auto_signaltap_0
set_instance_assignment -name CONNECT_TO_SLD_NODE_ENTITY_PORT acq_data_in[49] -to "FIFO:adv_fifo|wrreq" -section_id auto_signaltap_0
set_instance_assignment -name CONNECT_TO_SLD_NODE_ENTITY_PORT acq_data_in[50] -to "FIFO:cam_fifo|q[0]" -section_id auto_signaltap_0
set_instance_assignment -name CONNECT_TO_SLD_NODE_ENTITY_PORT acq_data_in[51] -to "FIFO:cam_fifo|q[10]" -section_id auto_signaltap_0
set_instance_assignment -name CONNECT_TO_SLD_NODE_ENTITY_PORT acq_data_in[52] -to "FIFO:cam_fifo|q[11]" -section_id auto_signaltap_0
set_instance_assignment -name CONNECT_TO_SLD_NODE_ENTITY_PORT acq_data_in[53] -to "FIFO:cam_fifo|q[12]" -section_id auto_signaltap_0
set_instance_assignment -name CONNECT_TO_SLD_NODE_ENTITY_PORT acq_data_in[54] -to "FIFO:cam_fifo|q[13]" -section_id auto_signaltap_0
set_instance_assignment -name CONNECT_TO_SLD_NODE_ENTITY_PORT acq_data_in[55] -to "FIFO:cam_fifo|q[14]" -section_id auto_signaltap_0
set_instance_assignment -name CONNECT_TO_SLD_NODE_ENTITY_PORT acq_data_in[56] -to "FIFO:cam_fifo|q[15]" -section_id auto_signaltap_0
set_instance_assignment -name CONNECT_TO_SLD_NODE_ENTITY_PORT acq_data_in[57] -to "FIFO:cam_fifo|q[16]" -section_id auto_signaltap_0
set_instance_assignment -name CONNECT_TO_SLD_NODE_ENTITY_PORT acq_data_in[58] -to "FIFO:cam_fifo|q[17]" -section_id auto_signaltap_0
set_instance_assignment -name CONNECT_TO_SLD_NODE_ENTITY_PORT acq_data_in[59] -to "FIFO:cam_fifo|q[18]" -section_id auto_signaltap_0
set_instance_assignment -name CONNECT_TO_SLD_NODE_ENTITY_PORT acq_data_in[60] -to "FIFO:cam_fifo|q[19]" -section_id auto_signaltap_0
set_instance_assignment -name CONNECT_TO_SLD_NODE_ENTITY_PORT acq_data_in[61] -to "FIFO:cam_fifo|q[1]" -section_id auto_signaltap_0
set_instance_assignment -name CONNECT_TO_SLD_NODE_ENTITY_PORT acq_data_in[62] -to "FIFO:cam_fifo|q[20]" -section_id auto_signaltap_0
set_instance_assignment -name CONNECT_TO_SLD_NODE_ENTITY_PORT acq_data_in[63] -to "FIFO:cam_fifo|q[21]" -section_id auto_signaltap_0
set_instance_assignment -name CONNECT_TO_SLD_NODE_ENTITY_PORT acq_data_in[64] -to "FIFO:cam_fifo|q[22]" -section_id auto_signaltap_0
set_instance_assignment -name CONNECT_TO_SLD_NODE_ENTITY_PORT acq_data_in[65] -to "FIFO:cam_fifo|q[23]" -section_id auto_signaltap_0
set_instance_assignment -name CONNECT_TO_SLD_NODE_ENTITY_PORT acq_data_in[66] -to "FIFO:cam_fifo|q[2]" -section_id auto_signaltap_0
set_instance_assignment -name CONNECT_TO_SLD_NODE_ENTITY_PORT acq_data_in[67] -to "FIFO:cam_fifo|q[3]" -section_id auto_signaltap_0
set_instance_assignment -name CONNECT_TO_SLD_NODE_ENTITY_PORT acq_data_in[68] -to "FIFO:cam_fifo|q[4]" -section_id auto_signaltap_0
set_instance_assignment -name CONNECT_TO_SLD_NODE_ENTITY_PORT acq_data_in[69] -to "FIFO:cam_fifo|q[5]" -section_id auto_signaltap_0
set_instance_assignment -name CONNECT_TO_SLD_NODE_ENTITY_PORT acq_data_in[70] -to "FIFO:cam_fifo|q[6]" -section_id auto_signaltap_0
set_instance_assignment -name CONNECT_TO_SLD_NODE_ENTITY_PORT acq_data_in[71] -to "FIFO:cam_fifo|q[7]" -section_id auto_signaltap_0
set_instance_assignment -name CONNECT_TO_SLD_NODE_ENTITY_PORT acq_data_in[72] -to "FIFO:cam_fifo|q[8]" -section_id auto_signaltap_0
set_instance_assignment -name CONNECT_TO_SLD_NODE_ENTITY_PORT acq_data_in[73] -to "FIFO:cam_fifo|q[9]" -section_id auto_signaltap_0
set_instance_assignment -name CONNECT_TO_SLD_NODE_ENTITY_PORT acq_data_in[74] -to "FIFO:cam_fifo|rdclk" -section_id auto_signaltap_0
set_instance_assignment -name CONNECT_TO_SLD_NODE_ENTITY_PORT acq_data_in[75] -to "FIFO:cam_fifo|rdempty" -section_id auto_signaltap_0
set_instance_assignment -name CONNECT_TO_SLD_NODE_ENTITY_PORT acq_data_in[76] -to "FIFO:cam_fifo|rdreq" -section_id auto_signaltap_0
set_instance_assignment -name CONNECT_TO_SLD_NODE_ENTITY_PORT acq_data_in[77] -to "frame_buf_alt:frame_buf_0|avl_read_req" -section_id auto_signaltap_0
set_instance_assignment -name CONNECT_TO_SLD_NODE_ENTITY_PORT acq_data_in[78] -to "frame_buf_alt:frame_buf_0|avl_ready" -section_id auto_signaltap_0
set_instance_assignment -name CONNECT_TO_SLD_NODE_ENTITY_PORT acq_data_in[79] -to "frame_buf_alt:frame_buf_0|avl_write_req" -section_id auto_signaltap_0
set_instance_assignment -name CONNECT_TO_SLD_NODE_ENTITY_PORT acq_data_in[80] -to "frame_buf_alt:frame_buf_0|curr_state" -section_id auto_signaltap_0
set_instance_assignment -name CONNECT_TO_SLD_NODE_ENTITY_PORT acq_data_in[81] -to "frame_buf_alt:frame_buf_0|full" -section_id auto_signaltap_0
set_instance_assignment -name CONNECT_TO_SLD_NODE_ENTITY_PORT acq_data_in[82] -to "frame_buf_alt:frame_buf_0|mem_rdy" -section_id auto_signaltap_0
set_instance_assignment -name CONNECT_TO_SLD_NODE_ENTITY_PORT acq_data_in[83] -to "frame_buf_alt:frame_buf_0|ram_rdy" -section_id auto_signaltap_0
set_instance_assignment -name CONNECT_TO_SLD_NODE_ENTITY_PORT acq_data_in[84] -to "frame_buf_alt:frame_buf_0|rd_addr[0]" -section_id auto_signaltap_0
set_instance_assignment -name CONNECT_TO_SLD_NODE_ENTITY_PORT acq_data_in[85] -to "frame_buf_alt:frame_buf_0|rd_addr[10]" -section_id auto_signaltap_0
set_instance_assignment -name CONNECT_TO_SLD_NODE_ENTITY_PORT acq_data_in[86] -to "frame_buf_alt:frame_buf_0|rd_addr[11]" -section_id auto_signaltap_0
set_instance_assignment -name CONNECT_TO_SLD_NODE_ENTITY_PORT acq_data_in[87] -to "frame_buf_alt:frame_buf_0|rd_addr[12]" -section_id auto_signaltap_0
set_instance_assignment -name CONNECT_TO_SLD_NODE_ENTITY_PORT acq_data_in[88] -to "frame_buf_alt:frame_buf_0|rd_addr[13]" -section_id auto_signaltap_0
set_instance_assignment -name CONNECT_TO_SLD_NODE_ENTITY_PORT acq_data_in[89] -to "frame_buf_alt:frame_buf_0|rd_addr[14]" -section_id auto_signaltap_0
set_instance_assignment -name CONNECT_TO_SLD_NODE_ENTITY_PORT acq_data_in[90] -to "frame_buf_alt:frame_buf_0|rd_addr[15]" -section_id auto_signaltap_0
set_instance_assignment -name CONNECT_TO_SLD_NODE_ENTITY_PORT acq_data_in[91] -to "frame_buf_alt:frame_buf_0|rd_addr[16]" -section_id auto_signaltap_0
set_instance_assignment -name CONNECT_TO_SLD_NODE_ENTITY_PORT acq_data_in[92] -to "frame_buf_alt:frame_buf_0|rd_addr[17]" -section_id auto_signaltap_0
set_instance_assignment -name CONNECT_TO_SLD_NODE_ENTITY_PORT acq_data_in[93] -to "frame_buf_alt:frame_buf_0|rd_addr[18]" -section_id auto_signaltap_0
set_instance_assignment -name CONNECT_TO_SLD_NODE_ENTITY_PORT acq_data_in[94] -to "frame_buf_alt:frame_buf_0|rd_addr[19]" -section_id auto_signaltap_0
set_instance_assignment -name CONNECT_TO_SLD_NODE_ENTITY_PORT acq_data_in[95] -to "frame_buf_alt:frame_buf_0|rd_addr[1]" -section_id auto_signaltap_0
set_instance_assignment -name CONNECT_TO_SLD_NODE_ENTITY_PORT acq_data_in[96] -to "frame_buf_alt:frame_buf_0|rd_addr[20]" -section_id auto_signaltap_0
set_instance_assignment -name CONNECT_TO_SLD_NODE_ENTITY_PORT acq_data_in[97] -to "frame_buf_alt:frame_buf_0|rd_addr[21]" -section_id auto_signaltap_0
set_instance_assignment -name CONNECT_TO_SLD_NODE_ENTITY_PORT acq_data_in[98] -to "frame_buf_alt:frame_buf_0|rd_addr[22]" -section_id auto_signaltap_0
set_instance_assignment -name CONNECT_TO_SLD_NODE_ENTITY_PORT acq_data_in[99] -to "frame_buf_alt:frame_buf_0|rd_addr[23]" -section_id auto_signaltap_0
set_instance_assignment -name CONNECT_TO_SLD_NODE_ENTITY_PORT acq_data_in[100] -to "frame_buf_alt:frame_buf_0|rd_addr[24]" -section_id auto_signaltap_0
set_instance_assignment -name CONNECT_TO_SLD_NODE_ENTITY_PORT acq_data_in[101] -to "frame_buf_alt:frame_buf_0|rd_addr[25]" -section_id auto_signaltap_0
set_instance_assignment -name CONNECT_TO_SLD_NODE_ENTITY_PORT acq_data_in[102] -to "frame_buf_alt:frame_buf_0|rd_addr[26]" -section_id auto_signaltap_0
set_instance_assignment -name CONNECT_TO_SLD_NODE_ENTITY_PORT acq_data_in[103] -to "frame_buf_alt:frame_buf_0|rd_addr[27]" -section_id auto_signaltap_0
set_instance_assignment -name CONNECT_TO_SLD_NODE_ENTITY_PORT acq_data_in[104] -to "frame_buf_alt:frame_buf_0|rd_addr[28]" -section_id auto_signaltap_0
set_instance_assignment -name CONNECT_TO_SLD_NODE_ENTITY_PORT acq_data_in[105] -to "frame_buf_alt:frame_buf_0|rd_addr[2]" -section_id auto_signaltap_0
set_instance_assignment -name CONNECT_TO_SLD_NODE_ENTITY_PORT acq_data_in[106] -to "frame_buf_alt:frame_buf_0|rd_addr[3]" -section_id auto_signaltap_0
set_instance_assignment -name CONNECT_TO_SLD_NODE_ENTITY_PORT acq_data_in[107] -to "frame_buf_alt:frame_buf_0|rd_addr[4]" -section_id auto_signaltap_0
set_instance_assignment -name CONNECT_TO_SLD_NODE_ENTITY_PORT acq_data_in[108] -to "frame_buf_alt:frame_buf_0|rd_addr[5]" -section_id auto_signaltap_0
set_instance_assignment -name CONNECT_TO_SLD_NODE_ENTITY_PORT acq_data_in[109] -to "frame_buf_alt:frame_buf_0|rd_addr[6]" -section_id auto_signaltap_0
set_instance_assignment -name CONNECT_TO_SLD_NODE_ENTITY_PORT acq_data_in[110] -to "frame_buf_alt:frame_buf_0|rd_addr[7]" -section_id auto_signaltap_0
set_instance_assignment -name CONNECT_TO_SLD_NODE_ENTITY_PORT acq_data_in[111] -to "frame_buf_alt:frame_buf_0|rd_addr[8]" -section_id auto_signaltap_0
set_instance_assignment -name CONNECT_TO_SLD_NODE_ENTITY_PORT acq_data_in[112] -to "frame_buf_alt:frame_buf_0|rd_addr[9]" -section_id auto_signaltap_0
set_instance_assignment -name CONNECT_TO_SLD_NODE_ENTITY_PORT acq_data_in[113] -to "frame_buf_alt:frame_buf_0|rd_c" -section_id auto_signaltap_0
set_instance_assignment -name CONNECT_TO_SLD_NODE_ENTITY_PORT acq_data_in[114] -to "frame_buf_alt:frame_buf_0|rd_curr_state" -section_id auto_signaltap_0
set_instance_assignment -name CONNECT_TO_SLD_NODE_ENTITY_PORT acq_data_in[115] -to "frame_buf_alt:frame_buf_0|rd_done" -section_id auto_signaltap_0
set_instance_assignment -name CONNECT_TO_SLD_NODE_ENTITY_PORT acq_data_in[116] -to "frame_buf_alt:frame_buf_0|rd_en" -section_id auto_signaltap_0
set_instance_assignment -name CONNECT_TO_SLD_NODE_ENTITY_PORT acq_data_in[117] -to "frame_buf_alt:frame_buf_0|wr_addr[0]" -section_id auto_signaltap_0
set_instance_assignment -name CONNECT_TO_SLD_NODE_ENTITY_PORT acq_data_in[118] -to "frame_buf_alt:frame_buf_0|wr_addr[10]" -section_id auto_signaltap_0
set_instance_assignment -name CONNECT_TO_SLD_NODE_ENTITY_PORT acq_data_in[119] -to "frame_buf_alt:frame_buf_0|wr_addr[11]" -section_id auto_signaltap_0
set_instance_assignment -name CONNECT_TO_SLD_NODE_ENTITY_PORT acq_data_in[120] -to "frame_buf_alt:frame_buf_0|wr_addr[12]" -section_id auto_signaltap_0
set_instance_assignment -name CONNECT_TO_SLD_NODE_ENTITY_PORT acq_data_in[121] -to "frame_buf_alt:frame_buf_0|wr_addr[13]" -section_id auto_signaltap_0
set_instance_assignment -name CONNECT_TO_SLD_NODE_ENTITY_PORT acq_data_in[122] -to "frame_buf_alt:frame_buf_0|wr_addr[14]" -section_id auto_signaltap_0
set_instance_assignment -name CONNECT_TO_SLD_NODE_ENTITY_PORT acq_data_in[123] -to "frame_buf_alt:frame_buf_0|wr_addr[15]" -section_id auto_signaltap_0
set_instance_assignment -name CONNECT_TO_SLD_NODE_ENTITY_PORT acq_data_in[124] -to "frame_buf_alt:frame_buf_0|wr_addr[16]" -section_id auto_signaltap_0
set_instance_assignment -name CONNECT_TO_SLD_NODE_ENTITY_PORT acq_data_in[125] -to "frame_buf_alt:frame_buf_0|wr_addr[17]" -section_id auto_signaltap_0
set_instance_assignment -name CONNECT_TO_SLD_NODE_ENTITY_PORT acq_data_in[126] -to "frame_buf_alt:frame_buf_0|wr_addr[18]" -section_id auto_signaltap_0
set_instance_assignment -name CONNECT_TO_SLD_NODE_ENTITY_PORT acq_data_in[127] -to "frame_buf_alt:frame_buf_0|wr_addr[19]" -section_id auto_signaltap_0
set_instance_assignment -name CONNECT_TO_SLD_NODE_ENTITY_PORT acq_data_in[128] -to "frame_buf_alt:frame_buf_0|wr_addr[1]" -section_id auto_signaltap_0
set_instance_assignment -name CONNECT_TO_SLD_NODE_ENTITY_PORT acq_data_in[129] -to "frame_buf_alt:frame_buf_0|wr_addr[20]" -section_id auto_signaltap_0
set_instance_assignment -name CONNECT_TO_SLD_NODE_ENTITY_PORT acq_data_in[130] -to "frame_buf_alt:frame_buf_0|wr_addr[21]" -section_id auto_signaltap_0
set_instance_assignment -name CONNECT_TO_SLD_NODE_ENTITY_PORT acq_data_in[131] -to "frame_buf_alt:frame_buf_0|wr_addr[22]" -section_id auto_signaltap_0
set_instance_assignment -name CONNECT_TO_SLD_NODE_ENTITY_PORT acq_data_in[132] -to "frame_buf_alt:frame_buf_0|wr_addr[23]" -section_id auto_signaltap_0
set_instance_assignment -name CONNECT_TO_SLD_NODE_ENTITY_PORT acq_data_in[133] -to "frame_buf_alt:frame_buf_0|wr_addr[24]" -section_id auto_signaltap_0
set_instance_assignment -name CONNECT_TO_SLD_NODE_ENTITY_PORT acq_data_in[134] -to "frame_buf_alt:frame_buf_0|wr_addr[25]" -section_id auto_signaltap_0
set_instance_assignment -name CONNECT_TO_SLD_NODE_ENTITY_PORT acq_data_in[135] -to "frame_buf_alt:frame_buf_0|wr_addr[26]" -section_id auto_signaltap_0
set_instance_assignment -name CONNECT_TO_SLD_NODE_ENTITY_PORT acq_data_in[136] -to "frame_buf_alt:frame_buf_0|wr_addr[27]" -section_id auto_signaltap_0
set_instance_assignment -name CONNECT_TO_SLD_NODE_ENTITY_PORT acq_data_in[137] -to "frame_buf_alt:frame_buf_0|wr_addr[28]" -section_id auto_signaltap_0
set_instance_assignment -name CONNECT_TO_SLD_NODE_ENTITY_PORT acq_data_in[138] -to "frame_buf_alt:frame_buf_0|wr_addr[2]" -section_id auto_signaltap_0
set_instance_assignment -name CONNECT_TO_SLD_NODE_ENTITY_PORT acq_data_in[139] -to "frame_buf_alt:frame_buf_0|wr_addr[3]" -section_id auto_signaltap_0
set_instance_assignment -name CONNECT_TO_SLD_NODE_ENTITY_PORT acq_data_in[140] -to "frame_buf_alt:frame_buf_0|wr_addr[4]" -section_id auto_signaltap_0
set_instance_assignment -name CONNECT_TO_SLD_NODE_ENTITY_PORT acq_data_in[141] -to "frame_buf_alt:frame_buf_0|wr_addr[5]" -section_id auto_signaltap_0
set_instance_assignment -name CONNECT_TO_SLD_NODE_ENTITY_PORT acq_data_in[142] -to "frame_buf_alt:frame_buf_0|wr_addr[6]" -section_id auto_signaltap_0
set_instance_assignment -name CONNECT_TO_SLD_NODE_ENTITY_PORT acq_data_in[143] -to "frame_buf_alt:frame_buf_0|wr_addr[7]" -section_id auto_signaltap_0
set_instance_assignment -name CONNECT_TO_SLD_NODE_ENTITY_PORT acq_data_in[144] -to "frame_buf_alt:frame_buf_0|wr_addr[8]" -section_id auto_signaltap_0
set_instance_assignment -name CONNECT_TO_SLD_NODE_ENTITY_PORT acq_data_in[145] -to "frame_buf_alt:frame_buf_0|wr_addr[9]" -section_id auto_signaltap_0
set_instance_assignment -name CONNECT_TO_SLD_NODE_ENTITY_PORT acq_data_in[146] -to "frame_buf_alt:frame_buf_0|wr_c" -section_id auto_signaltap_0
set_instance_assignment -name CONNECT_TO_SLD_NODE_ENTITY_PORT acq_data_in[147] -to "frame_buf_alt:frame_buf_0|wr_en" -section_id auto_signaltap_0
set_instance_assignment -name CONNECT_TO_SLD_NODE_ENTITY_PORT acq_data_in[148] -to "frame_buf_alt:frame_buf_1|avl_read_req" -section_id auto_signaltap_0
set_instance_assignment -name CONNECT_TO_SLD_NODE_ENTITY_PORT acq_data_in[149] -to "frame_buf_alt:frame_buf_1|avl_ready" -section_id auto_signaltap_0
set_instance_assignment -name CONNECT_TO_SLD_NODE_ENTITY_PORT acq_data_in[150] -to "frame_buf_alt:frame_buf_1|avl_write_req" -section_id auto_signaltap_0
set_instance_assignment -name CONNECT_TO_SLD_NODE_ENTITY_PORT acq_data_in[151] -to "frame_buf_alt:frame_buf_1|curr_state" -section_id auto_signaltap_0
set_instance_assignment -name CONNECT_TO_SLD_NODE_ENTITY_PORT acq_data_in[152] -to "frame_buf_alt:frame_buf_1|full" -section_id auto_signaltap_0
set_instance_assignment -name CONNECT_TO_SLD_NODE_ENTITY_PORT acq_data_in[153] -to "frame_buf_alt:frame_buf_1|mem_rdy" -section_id auto_signaltap_0
set_instance_assignment -name CONNECT_TO_SLD_NODE_ENTITY_PORT acq_data_in[154] -to "frame_buf_alt:frame_buf_1|ram_rdy" -section_id auto_signaltap_0
set_instance_assignment -name CONNECT_TO_SLD_NODE_ENTITY_PORT acq_data_in[155] -to "frame_buf_alt:frame_buf_1|rd_addr[0]" -section_id auto_signaltap_0
set_instance_assignment -name CONNECT_TO_SLD_NODE_ENTITY_PORT acq_data_in[156] -to "frame_buf_alt:frame_buf_1|rd_addr[10]" -section_id auto_signaltap_0
set_instance_assignment -name CONNECT_TO_SLD_NODE_ENTITY_PORT acq_data_in[157] -to "frame_buf_alt:frame_buf_1|rd_addr[11]" -section_id auto_signaltap_0
set_instance_assignment -name CONNECT_TO_SLD_NODE_ENTITY_PORT acq_data_in[158] -to "frame_buf_alt:frame_buf_1|rd_addr[12]" -section_id auto_signaltap_0
set_instance_assignment -name CONNECT_TO_SLD_NODE_ENTITY_PORT acq_data_in[159] -to "frame_buf_alt:frame_buf_1|rd_addr[13]" -section_id auto_signaltap_0
set_instance_assignment -name CONNECT_TO_SLD_NODE_ENTITY_PORT acq_data_in[160] -to "frame_buf_alt:frame_buf_1|rd_addr[14]" -section_id auto_signaltap_0
set_instance_assignment -name CONNECT_TO_SLD_NODE_ENTITY_PORT acq_data_in[161] -to "frame_buf_alt:frame_buf_1|rd_addr[15]" -section_id auto_signaltap_0
set_instance_assignment -name CONNECT_TO_SLD_NODE_ENTITY_PORT acq_data_in[162] -to "frame_buf_alt:frame_buf_1|rd_addr[16]" -section_id auto_signaltap_0
set_instance_assignment -name CONNECT_TO_SLD_NODE_ENTITY_PORT acq_data_in[163] -to "frame_buf_alt:frame_buf_1|rd_addr[17]" -section_id auto_signaltap_0
set_instance_assignment -name CONNECT_TO_SLD_NODE_ENTITY_PORT acq_data_in[164] -to "frame_buf_alt:frame_buf_1|rd_addr[18]" -section_id auto_signaltap_0
set_instance_assignment -name CONNECT_TO_SLD_NODE_ENTITY_PORT acq_data_in[165] -to "frame_buf_alt:frame_buf_1|rd_addr[19]" -section_id auto_signaltap_0
set_instance_assignment -name CONNECT_TO_SLD_NODE_ENTITY_PORT acq_data_in[166] -to "frame_buf_alt:frame_buf_1|rd_addr[1]" -section_id auto_signaltap_0
set_instance_assignment -name CONNECT_TO_SLD_NODE_ENTITY_PORT acq_data_in[167] -to "frame_buf_alt:frame_buf_1|rd_addr[20]" -section_id auto_signaltap_0
set_instance_assignment -name CONNECT_TO_SLD_NODE_ENTITY_PORT acq_data_in[168] -to "frame_buf_alt:frame_buf_1|rd_addr[21]" -section_id auto_signaltap_0
set_instance_assignment -name CONNECT_TO_SLD_NODE_ENTITY_PORT acq_data_in[169] -to "frame_buf_alt:frame_buf_1|rd_addr[22]" -section_id auto_signaltap_0
set_instance_assignment -name CONNECT_TO_SLD_NODE_ENTITY_PORT acq_data_in[170] -to "frame_buf_alt:frame_buf_1|rd_addr[23]" -section_id auto_signaltap_0
set_instance_assignment -name CONNECT_TO_SLD_NODE_ENTITY_PORT acq_data_in[171] -to "frame_buf_alt:frame_buf_1|rd_addr[24]" -section_id auto_signaltap_0
set_instance_assignment -name CONNECT_TO_SLD_NODE_ENTITY_PORT acq_data_in[172] -to "frame_buf_alt:frame_buf_1|rd_addr[25]" -section_id auto_signaltap_0
set_instance_assignment -name CONNECT_TO_SLD_NODE_ENTITY_PORT acq_data_in[173] -to "frame_buf_alt:frame_buf_1|rd_addr[26]" -section_id auto_signaltap_0
set_instance_assignment -name CONNECT_TO_SLD_NODE_ENTITY_PORT acq_data_in[174] -to "frame_buf_alt:frame_buf_1|rd_addr[27]" -section_id auto_signaltap_0
set_instance_assignment -name CONNECT_TO_SLD_NODE_ENTITY_PORT acq_data_in[175] -to "frame_buf_alt:frame_buf_1|rd_addr[28]" -section_id auto_signaltap_0
set_instance_assignment -name CONNECT_TO_SLD_NODE_ENTITY_PORT acq_data_in[176] -to "frame_buf_alt:frame_buf_1|rd_addr[2]" -section_id auto_signaltap_0
set_instance_assignment -name CONNECT_TO_SLD_NODE_ENTITY_PORT acq_data_in[177] -to "frame_buf_alt:frame_buf_1|rd_addr[3]" -section_id auto_signaltap_0
set_instance_assignment -name CONNECT_TO_SLD_NODE_ENTITY_PORT acq_data_in[178] -to "frame_buf_alt:frame_buf_1|rd_addr[4]" -section_id auto_signaltap_0
set_instance_assignment -name CONNECT_TO_SLD_NODE_ENTITY_PORT acq_data_in[179] -to "frame_buf_alt:frame_buf_1|rd_addr[5]" -section_id auto_signaltap_0
set_instance_assignment -name CONNECT_TO_SLD_NODE_ENTITY_PORT acq_data_in[180] -to "frame_buf_alt:frame_buf_1|rd_addr[6]" -section_id auto_signaltap_0
set_instance_assignment -name CONNECT_TO_SLD_NODE_ENTITY_PORT acq_data_in[181] -to "frame_buf_alt:frame_buf_1|rd_addr[7]" -section_id auto_signaltap_0
set_instance_assignment -name CONNECT_TO_SLD_NODE_ENTITY_PORT acq_data_in[182] -to "frame_buf_alt:frame_buf_1|rd_addr[8]" -section_id auto_signaltap_0
set_instance_assignment -name CONNECT_TO_SLD_NODE_ENTITY_PORT acq_data_in[183] -to "frame_buf_alt:frame_buf_1|rd_addr[9]" -section_id auto_signaltap_0
set_instance_assignment -name CONNECT_TO_SLD_NODE_ENTITY_PORT acq_data_in[184] -to "frame_buf_alt:frame_buf_1|rd_c" -section_id auto_signaltap_0
set_instance_assignment -name CONNECT_TO_SLD_NODE_ENTITY_PORT acq_data_in[185] -to "frame_buf_alt:frame_buf_1|rd_curr_state" -section_id auto_signaltap_0
set_instance_assignment -name CONNECT_TO_SLD_NODE_ENTITY_PORT acq_data_in[186] -to "frame_buf_alt:frame_buf_1|rd_done" -section_id auto_signaltap_0
set_instance_assignment -name CONNECT_TO_SLD_NODE_ENTITY_PORT acq_data_in[187] -to "frame_buf_alt:frame_buf_1|rd_en" -section_id auto_signaltap_0
set_instance_assignment -name CONNECT_TO_SLD_NODE_ENTITY_PORT acq_data_in[188] -to "frame_buf_alt:frame_buf_1|wr_addr[0]" -section_id auto_signaltap_0
set_instance_assignment -name CONNECT_TO_SLD_NODE_ENTITY_PORT acq_data_in[189] -to "frame_buf_alt:frame_buf_1|wr_addr[10]" -section_id auto_signaltap_0
set_instance_assignment -name CONNECT_TO_SLD_NODE_ENTITY_PORT acq_data_in[190] -to "frame_buf_alt:frame_buf_1|wr_addr[11]" -section_id auto_signaltap_0
set_instance_assignment -name CONNECT_TO_SLD_NODE_ENTITY_PORT acq_data_in[191] -to "frame_buf_alt:frame_buf_1|wr_addr[12]" -section_id auto_signaltap_0
set_instance_assignment -name CONNECT_TO_SLD_NODE_ENTITY_PORT acq_data_in[192] -to "frame_buf_alt:frame_buf_1|wr_addr[13]" -section_id auto_signaltap_0
set_instance_assignment -name CONNECT_TO_SLD_NODE_ENTITY_PORT acq_data_in[193] -to "frame_buf_alt:frame_buf_1|wr_addr[14]" -section_id auto_signaltap_0
set_instance_assignment -name CONNECT_TO_SLD_NODE_ENTITY_PORT acq_data_in[194] -to "frame_buf_alt:frame_buf_1|wr_addr[15]" -section_id auto_signaltap_0
set_instance_assignment -name CONNECT_TO_SLD_NODE_ENTITY_PORT acq_data_in[195] -to "frame_buf_alt:frame_buf_1|wr_addr[16]" -section_id auto_signaltap_0
set_instance_assignment -name CONNECT_TO_SLD_NODE_ENTITY_PORT acq_data_in[196] -to "frame_buf_alt:frame_buf_1|wr_addr[17]" -section_id auto_signaltap_0
set_instance_assignment -name CONNECT_TO_SLD_NODE_ENTITY_PORT acq_data_in[197] -to "frame_buf_alt:frame_buf_1|wr_addr[18]" -section_id auto_signaltap_0
set_instance_assignment -name CONNECT_TO_SLD_NODE_ENTITY_PORT acq_data_in[198] -to "frame_buf_alt:frame_buf_1|wr_addr[19]" -section_id auto_signaltap_0
set_instance_assignment -name CONNECT_TO_SLD_NODE_ENTITY_PORT acq_data_in[199] -to "frame_buf_alt:frame_buf_1|wr_addr[1]" -section_id auto_signaltap_0
set_instance_assignment -name CONNECT_TO_SLD_NODE_ENTITY_PORT acq_data_in[200] -to "frame_buf_alt:frame_buf_1|wr_addr[20]" -section_id auto_signaltap_0
set_instance_assignment -name CONNECT_TO_SLD_NODE_ENTITY_PORT acq_data_in[201] -to "frame_buf_alt:frame_buf_1|wr_addr[21]" -section_id auto_signaltap_0
set_instance_assignment -name CONNECT_TO_SLD_NODE_ENTITY_PORT acq_data_in[202] -to "frame_buf_alt:frame_buf_1|wr_addr[22]" -section_id auto_signaltap_0
set_instance_assignment -name CONNECT_TO_SLD_NODE_ENTITY_PORT acq_data_in[203] -to "frame_buf_alt:frame_buf_1|wr_addr[23]" -section_id auto_signaltap_0
set_instance_assignment -name CONNECT_TO_SLD_NODE_ENTITY_PORT acq_data_in[204] -to "frame_buf_alt:frame_buf_1|wr_addr[24]" -section_id auto_signaltap_0
set_instance_assignment -name CONNECT_TO_SLD_NODE_ENTITY_PORT acq_data_in[205] -to "frame_buf_alt:frame_buf_1|wr_addr[25]" -section_id auto_signaltap_0
set_instance_assignment -name CONNECT_TO_SLD_NODE_ENTITY_PORT acq_data_in[206] -to "frame_buf_alt:frame_buf_1|wr_addr[26]" -section_id auto_signaltap_0
set_instance_assignment -name CONNECT_TO_SLD_NODE_ENTITY_PORT acq_data_in[207] -to "frame_buf_alt:frame_buf_1|wr_addr[27]" -section_id auto_signaltap_0
set_instance_assignment -name CONNECT_TO_SLD_NODE_ENTITY_PORT acq_data_in[208] -to "frame_buf_alt:frame_buf_1|wr_addr[28]" -section_id auto_signaltap_0
set_instance_assignment -name CONNECT_TO_SLD_NODE_ENTITY_PORT acq_data_in[209] -to "frame_buf_alt:frame_buf_1|wr_addr[2]" -section_id auto_signaltap_0
set_instance_assignment -name CONNECT_TO_SLD_NODE_ENTITY_PORT acq_data_in[210] -to "frame_buf_alt:frame_buf_1|wr_addr[3]" -section_id auto_signaltap_0
set_instance_assignment -name CONNECT_TO_SLD_NODE_ENTITY_PORT acq_data_in[211] -to "frame_buf_alt:frame_buf_1|wr_addr[4]" -section_id auto_signaltap_0
set_instance_assignment -name CONNECT_TO_SLD_NODE_ENTITY_PORT acq_data_in[212] -to "frame_buf_alt:frame_buf_1|wr_addr[5]" -section_id auto_signaltap_0
set_instance_assignment -name CONNECT_TO_SLD_NODE_ENTITY_PORT acq_data_in[213] -to "frame_buf_alt:frame_buf_1|wr_addr[6]" -section_id auto_signaltap_0
set_instance_assignment -name CONNECT_TO_SLD_NODE_ENTITY_PORT acq_data_in[214] -to "frame_buf_alt:frame_buf_1|wr_addr[7]" -section_id auto_signaltap_0
set_instance_assignment -name CONNECT_TO_SLD_NODE_ENTITY_PORT acq_data_in[215] -to "frame_buf_alt:frame_buf_1|wr_addr[8]" -section_id auto_signaltap_0
set_instance_assignment -name CONNECT_TO_SLD_NODE_ENTITY_PORT acq_data_in[216] -to "frame_buf_alt:frame_buf_1|wr_addr[9]" -section_id auto_signaltap_0
set_instance_assignment -name CONNECT_TO_SLD_NODE_ENTITY_PORT acq_data_in[217] -to "frame_buf_alt:frame_buf_1|wr_c" -section_id auto_signaltap_0
set_instance_assignment -name CONNECT_TO_SLD_NODE_ENTITY_PORT acq_data_in[218] -to "frame_buf_alt:frame_buf_1|wr_en" -section_id auto_signaltap_0
set_instance_assignment -name CONNECT_TO_SLD_NODE_ENTITY_PORT acq_data_in[219] -to "img_cap_ctrl:img_cap_ctrl|fb_sel" -section_id auto_signaltap_0
set_instance_assignment -name CONNECT_TO_SLD_NODE_ENTITY_PORT acq_data_in[220] -to "img_cap_ctrl:img_cap_ctrl|wr_fb" -section_id auto_signaltap_0
set_instance_assignment -name CONNECT_TO_SLD_NODE_ENTITY_PORT acq_data_in[221] -to "ram_int_4p:mem_int|rd_data_valid_0" -section_id auto_signaltap_0
set_instance_assignment -name CONNECT_TO_SLD_NODE_ENTITY_PORT acq_data_in[222] -to "ram_int_4p:mem_int|rd_data_valid_1" -section_id auto_signaltap_0
set_instance_assignment -name CONNECT_TO_SLD_NODE_ENTITY_PORT acq_data_in[223] -to valid_rd_data_0[0] -section_id auto_signaltap_0
set_instance_assignment -name CONNECT_TO_SLD_NODE_ENTITY_PORT acq_data_in[224] -to valid_rd_data_0[10] -section_id auto_signaltap_0
set_instance_assignment -name CONNECT_TO_SLD_NODE_ENTITY_PORT acq_data_in[225] -to valid_rd_data_0[11] -section_id auto_signaltap_0
set_instance_assignment -name CONNECT_TO_SLD_NODE_ENTITY_PORT acq_data_in[226] -to valid_rd_data_0[12] -section_id auto_signaltap_0
set_instance_assignment -name CONNECT_TO_SLD_NODE_ENTITY_PORT acq_data_in[227] -to valid_rd_data_0[13] -section_id auto_signaltap_0
set_instance_assignment -name CONNECT_TO_SLD_NODE_ENTITY_PORT acq_data_in[228] -to valid_rd_data_0[14] -section_id auto_signaltap_0
set_instance_assignment -name CONNECT_TO_SLD_NODE_ENTITY_PORT acq_data_in[229] -to valid_rd_data_0[15] -section_id auto_signaltap_0
set_instance_assignment -name CONNECT_TO_SLD_NODE_ENTITY_PORT acq_data_in[230] -to valid_rd_data_0[16] -section_id auto_signaltap_0
set_instance_assignment -name CONNECT_TO_SLD_NODE_ENTITY_PORT acq_data_in[231] -to valid_rd_data_0[17] -section_id auto_signaltap_0
set_instance_assignment -name CONNECT_TO_SLD_NODE_ENTITY_PORT acq_data_in[232] -to valid_rd_data_0[18] -section_id auto_signaltap_0
set_instance_assignment -name CONNECT_TO_SLD_NODE_ENTITY_PORT acq_data_in[233] -to valid_rd_data_0[19] -section_id auto_signaltap_0
set_instance_assignment -name CONNECT_TO_SLD_NODE_ENTITY_PORT acq_data_in[234] -to valid_rd_data_0[1] -section_id auto_signaltap_0
set_instance_assignment -name CONNECT_TO_SLD_NODE_ENTITY_PORT acq_data_in[235] -to valid_rd_data_0[20] -section_id auto_signaltap_0
set_instance_assignment -name CONNECT_TO_SLD_NODE_ENTITY_PORT acq_data_in[236] -to valid_rd_data_0[21] -section_id auto_signaltap_0
set_instance_assignment -name CONNECT_TO_SLD_NODE_ENTITY_PORT acq_data_in[237] -to valid_rd_data_0[22] -section_id auto_signaltap_0
set_instance_assignment -name CONNECT_TO_SLD_NODE_ENTITY_PORT acq_data_in[238] -to valid_rd_data_0[23] -section_id auto_signaltap_0
set_instance_assignment -name CONNECT_TO_SLD_NODE_ENTITY_PORT acq_data_in[239] -to valid_rd_data_0[24] -section_id auto_signaltap_0
set_instance_assignment -name CONNECT_TO_SLD_NODE_ENTITY_PORT acq_data_in[240] -to valid_rd_data_0[25] -section_id auto_signaltap_0
set_instance_assignment -name CONNECT_TO_SLD_NODE_ENTITY_PORT acq_data_in[241] -to valid_rd_data_0[26] -section_id auto_signaltap_0
set_instance_assignment -name CONNECT_TO_SLD_NODE_ENTITY_PORT acq_data_in[242] -to valid_rd_data_0[27] -section_id auto_signaltap_0
set_instance_assignment -name CONNECT_TO_SLD_NODE_ENTITY_PORT acq_data_in[243] -to valid_rd_data_0[28] -section_id auto_signaltap_0
set_instance_assignment -name CONNECT_TO_SLD_NODE_ENTITY_PORT acq_data_in[244] -to valid_rd_data_0[29] -section_id auto_signaltap_0
set_instance_assignment -name CONNECT_TO_SLD_NODE_ENTITY_PORT acq_data_in[245] -to valid_rd_data_0[2] -section_id auto_signaltap_0
set_instance_assignment -name CONNECT_TO_SLD_NODE_ENTITY_PORT acq_data_in[246] -to valid_rd_data_0[30] -section_id auto_signaltap_0
set_instance_assignment -name CONNECT_TO_SLD_NODE_ENTITY_PORT acq_data_in[247] -to valid_rd_data_0[31] -section_id auto_signaltap_0
set_instance_assignment -name CONNECT_TO_SLD_NODE_ENTITY_PORT acq_data_in[248] -to valid_rd_data_0[3] -section_id auto_signaltap_0
set_instance_assignment -name CONNECT_TO_SLD_NODE_ENTITY_PORT acq_data_in[249] -to valid_rd_data_0[4] -section_id auto_signaltap_0
set_instance_assignment -name CONNECT_TO_SLD_NODE_ENTITY_PORT acq_data_in[250] -to valid_rd_data_0[5] -section_id auto_signaltap_0
set_instance_assignment -name CONNECT_TO_SLD_NODE_ENTITY_PORT acq_data_in[251] -to valid_rd_data_0[6] -section_id auto_signaltap_0
set_instance_assignment -name CONNECT_TO_SLD_NODE_ENTITY_PORT acq_data_in[252] -to valid_rd_data_0[7] -section_id auto_signaltap_0
set_instance_assignment -name CONNECT_TO_SLD_NODE_ENTITY_PORT acq_data_in[253] -to valid_rd_data_0[8] -section_id auto_signaltap_0
set_instance_assignment -name CONNECT_TO_SLD_NODE_ENTITY_PORT acq_data_in[254] -to valid_rd_data_0[9] -section_id auto_signaltap_0
set_instance_assignment -name CONNECT_TO_SLD_NODE_ENTITY_PORT acq_data_in[255] -to valid_rd_data_1[0] -section_id auto_signaltap_0
set_instance_assignment -name CONNECT_TO_SLD_NODE_ENTITY_PORT acq_data_in[256] -to valid_rd_data_1[10] -section_id auto_signaltap_0
set_instance_assignment -name CONNECT_TO_SLD_NODE_ENTITY_PORT acq_data_in[257] -to valid_rd_data_1[11] -section_id auto_signaltap_0
set_instance_assignment -name CONNECT_TO_SLD_NODE_ENTITY_PORT acq_data_in[258] -to valid_rd_data_1[12] -section_id auto_signaltap_0
set_instance_assignment -name CONNECT_TO_SLD_NODE_ENTITY_PORT acq_data_in[259] -to valid_rd_data_1[13] -section_id auto_signaltap_0
set_instance_assignment -name CONNECT_TO_SLD_NODE_ENTITY_PORT acq_data_in[260] -to valid_rd_data_1[14] -section_id auto_signaltap_0
set_instance_assignment -name CONNECT_TO_SLD_NODE_ENTITY_PORT acq_data_in[261] -to valid_rd_data_1[15] -section_id auto_signaltap_0
set_instance_assignment -name CONNECT_TO_SLD_NODE_ENTITY_PORT acq_data_in[262] -to valid_rd_data_1[16] -section_id auto_signaltap_0
set_instance_assignment -name CONNECT_TO_SLD_NODE_ENTITY_PORT acq_data_in[263] -to valid_rd_data_1[17] -section_id auto_signaltap_0
set_instance_assignment -name CONNECT_TO_SLD_NODE_ENTITY_PORT acq_data_in[264] -to valid_rd_data_1[18] -section_id auto_signaltap_0
set_instance_assignment -name CONNECT_TO_SLD_NODE_ENTITY_PORT acq_data_in[265] -to valid_rd_data_1[19] -section_id auto_signaltap_0
set_instance_assignment -name CONNECT_TO_SLD_NODE_ENTITY_PORT acq_data_in[266] -to valid_rd_data_1[1] -section_id auto_signaltap_0
set_instance_assignment -name CONNECT_TO_SLD_NODE_ENTITY_PORT acq_data_in[267] -to valid_rd_data_1[20] -section_id auto_signaltap_0
set_instance_assignment -name CONNECT_TO_SLD_NODE_ENTITY_PORT acq_data_in[268] -to valid_rd_data_1[21] -section_id auto_signaltap_0
set_instance_assignment -name CONNECT_TO_SLD_NODE_ENTITY_PORT acq_data_in[269] -to valid_rd_data_1[22] -section_id auto_signaltap_0
set_instance_assignment -name CONNECT_TO_SLD_NODE_ENTITY_PORT acq_data_in[270] -to valid_rd_data_1[23] -section_id auto_signaltap_0
set_instance_assignment -name CONNECT_TO_SLD_NODE_ENTITY_PORT acq_data_in[271] -to valid_rd_data_1[24] -section_id auto_signaltap_0
set_instance_assignment -name CONNECT_TO_SLD_NODE_ENTITY_PORT acq_data_in[272] -to valid_rd_data_1[25] -section_id auto_signaltap_0
set_instance_assignment -name CONNECT_TO_SLD_NODE_ENTITY_PORT acq_data_in[273] -to valid_rd_data_1[26] -section_id auto_signaltap_0
set_instance_assignment -name CONNECT_TO_SLD_NODE_ENTITY_PORT acq_data_in[274] -to valid_rd_data_1[27] -section_id auto_signaltap_0
set_instance_assignment -name CONNECT_TO_SLD_NODE_ENTITY_PORT acq_data_in[275] -to valid_rd_data_1[28] -section_id auto_signaltap_0
set_instance_assignment -name CONNECT_TO_SLD_NODE_ENTITY_PORT acq_data_in[276] -to valid_rd_data_1[29] -section_id auto_signaltap_0
set_instance_assignment -name CONNECT_TO_SLD_NODE_ENTITY_PORT acq_data_in[277] -to valid_rd_data_1[2] -section_id auto_signaltap_0
set_instance_assignment -name CONNECT_TO_SLD_NODE_ENTITY_PORT acq_data_in[278] -to valid_rd_data_1[30] -section_id auto_signaltap_0
set_instance_assignment -name CONNECT_TO_SLD_NODE_ENTITY_PORT acq_data_in[279] -to valid_rd_data_1[31] -section_id auto_signaltap_0
set_instance_assignment -name CONNECT_TO_SLD_NODE_ENTITY_PORT acq_data_in[280] -to valid_rd_data_1[3] -section_id auto_signaltap_0
set_instance_assignment -name CONNECT_TO_SLD_NODE_ENTITY_PORT acq_data_in[281] -to valid_rd_data_1[4] -section_id auto_signaltap_0
set_instance_assignment -name CONNECT_TO_SLD_NODE_ENTITY_PORT acq_data_in[282] -to valid_rd_data_1[5] -section_id auto_signaltap_0
set_instance_assignment -name CONNECT_TO_SLD_NODE_ENTITY_PORT acq_data_in[283] -to valid_rd_data_1[6] -section_id auto_signaltap_0
set_instance_assignment -name CONNECT_TO_SLD_NODE_ENTITY_PORT acq_data_in[284] -to valid_rd_data_1[7] -section_id auto_signaltap_0
set_instance_assignment -name CONNECT_TO_SLD_NODE_ENTITY_PORT acq_data_in[285] -to valid_rd_data_1[8] -section_id auto_signaltap_0
set_instance_assignment -name CONNECT_TO_SLD_NODE_ENTITY_PORT acq_data_in[286] -to valid_rd_data_1[9] -section_id auto_signaltap_0
set_global_assignment -name SLD_NODE_PARAMETER_ASSIGNMENT "SLD_DATA_BITS=287" -section_id auto_signaltap_0
set_global_assignment -name SLD_NODE_PARAMETER_ASSIGNMENT "SLD_STORAGE_QUALIFIER_BITS=287" -section_id auto_signaltap_0
set_global_assignment -name SLD_NODE_PARAMETER_ASSIGNMENT "SLD_INVERSION_MASK=0000000000000000000000000000000" -section_id auto_signaltap_0
set_global_assignment -name SLD_NODE_PARAMETER_ASSIGNMENT "SLD_INVERSION_MASK_LENGTH=31" -section_id auto_signaltap_0
set_instance_assignment -name POST_FIT_CONNECT_TO_SLD_NODE_ENTITY_PORT crc[2] -to auto_signaltap_0|gnd -section_id auto_signaltap_0
set_instance_assignment -name POST_FIT_CONNECT_TO_SLD_NODE_ENTITY_PORT crc[16] -to auto_signaltap_0|gnd -section_id auto_signaltap_0
set_instance_assignment -name POST_FIT_CONNECT_TO_SLD_NODE_ENTITY_PORT crc[18] -to auto_signaltap_0|gnd -section_id auto_signaltap_0
set_instance_assignment -name POST_FIT_CONNECT_TO_SLD_NODE_ENTITY_PORT crc[29] -to auto_signaltap_0|vcc -section_id auto_signaltap_0
set_global_assignment -name SLD_FILE db/frame_bufs_auto_stripped.stp
set_instance_assignment -name PARTITION_HIERARCHY root_partition -to | -section_id Top